// !$*UTF8*$!
{
	archiveVersion = 1;
	classes = {
	};
	objectVersion = 46;
	objects = {

/* Begin PBXBuildFile section */
		044CED7B88A0F9C6D2CFEF67 /* Pods_TVMedTests.framework in Frameworks */ = {isa = PBXBuildFile; fileRef = B0FD404313DF79EB14965569 /* Pods_TVMedTests.framework */; };
		16D107A7F19F9FAAD0C31635 /* Pods_TVMed.framework in Frameworks */ = {isa = PBXBuildFile; fileRef = 684FE61E82A70E197AA0F9EB /* Pods_TVMed.framework */; };
		2B07BECA1E97207B00DB3DF7 /* ResumeCell.swift in Sources */ = {isa = PBXBuildFile; fileRef = 2B07BEC91E97207B00DB3DF7 /* ResumeCell.swift */; };
		2B10531F1EA6C565005EDD8A /* TopicsContainer.swift in Sources */ = {isa = PBXBuildFile; fileRef = 2B10531E1EA6C565005EDD8A /* TopicsContainer.swift */; };
		2B4E10291E9F1B3F00B4171A /* ModalTextView.storyboard in Resources */ = {isa = PBXBuildFile; fileRef = 2B4E10281E9F1B3F00B4171A /* ModalTextView.storyboard */; };
		2B4E102B1EA118E300B4171A /* RemoteCreditCard.swift in Sources */ = {isa = PBXBuildFile; fileRef = 2B4E102A1EA118E300B4171A /* RemoteCreditCard.swift */; };
		2B4E102E1EA2BC0700B4171A /* MidiaDetail.swift in Sources */ = {isa = PBXBuildFile; fileRef = 2B4E102D1EA2BC0700B4171A /* MidiaDetail.swift */; };
		2B4E10301EA2BC4900B4171A /* MidiaTopic.swift in Sources */ = {isa = PBXBuildFile; fileRef = 2B4E102F1EA2BC4900B4171A /* MidiaTopic.swift */; };
		2B4E10321EA2BC7C00B4171A /* MidiaSubTopic.swift in Sources */ = {isa = PBXBuildFile; fileRef = 2B4E10311EA2BC7C00B4171A /* MidiaSubTopic.swift */; };
		2B4E10351EA2BDFE00B4171A /* Topics.storyboard in Resources */ = {isa = PBXBuildFile; fileRef = 2B4E10341EA2BDFE00B4171A /* Topics.storyboard */; };
		2B4E10371EA2BE3800B4171A /* TopicsTableViewController.swift in Sources */ = {isa = PBXBuildFile; fileRef = 2B4E10361EA2BE3800B4171A /* TopicsTableViewController.swift */; };
		2B4E10391EA2BF5D00B4171A /* TopicsViewModel.swift in Sources */ = {isa = PBXBuildFile; fileRef = 2B4E10381EA2BF5D00B4171A /* TopicsViewModel.swift */; };
		2B4E103E1EA2C59100B4171A /* TableViewHeaderCell.swift in Sources */ = {isa = PBXBuildFile; fileRef = 2B4E103D1EA2C59100B4171A /* TableViewHeaderCell.swift */; };
		2B4E10401EA2C9F100B4171A /* TableViewHeaderCell.xib in Resources */ = {isa = PBXBuildFile; fileRef = 2B4E103F1EA2C9F100B4171A /* TableViewHeaderCell.xib */; };
		2B4E10421EA2CB2B00B4171A /* TopicCell.xib in Resources */ = {isa = PBXBuildFile; fileRef = 2B4E10411EA2CB2B00B4171A /* TopicCell.xib */; };
		2B4E10441EA2CB7000B4171A /* TopicCell.swift in Sources */ = {isa = PBXBuildFile; fileRef = 2B4E10431EA2CB7000B4171A /* TopicCell.swift */; };
		2B4E10461EA2CC6F00B4171A /* UIColor+Extensions.swift in Sources */ = {isa = PBXBuildFile; fileRef = 2B4E10451EA2CC6F00B4171A /* UIColor+Extensions.swift */; };
		2B4E10481EA2D19800B4171A /* VideoRequest.swift in Sources */ = {isa = PBXBuildFile; fileRef = 2B4E10471EA2D19800B4171A /* VideoRequest.swift */; };
		2B4E104B1EA2D29000B4171A /* UDID.swift in Sources */ = {isa = PBXBuildFile; fileRef = 2B4E104A1EA2D29000B4171A /* UDID.swift */; };
		2B4E104D1EA2D4D600B4171A /* VideoToken.swift in Sources */ = {isa = PBXBuildFile; fileRef = 2B4E104C1EA2D4D600B4171A /* VideoToken.swift */; };
		2B4E104F1EA2DA9F00B4171A /* Video.storyboard in Resources */ = {isa = PBXBuildFile; fileRef = 2B4E104E1EA2DA9F00B4171A /* Video.storyboard */; };
		2B4E10521EA2DB0300B4171A /* VideoPlayerController.swift in Sources */ = {isa = PBXBuildFile; fileRef = 2B4E10511EA2DB0300B4171A /* VideoPlayerController.swift */; };
		2B4E10541EA2E09A00B4171A /* MeusDados.storyboard in Resources */ = {isa = PBXBuildFile; fileRef = 2B4E10531EA2E09A00B4171A /* MeusDados.storyboard */; };
		2B5D18FF1E9C729700774836 /* MeusDadosController.swift in Sources */ = {isa = PBXBuildFile; fileRef = 2B5D18FE1E9C729700774836 /* MeusDadosController.swift */; };
		2B6723061E94936700F5EABF /* UIalertController+Extensions.swift in Sources */ = {isa = PBXBuildFile; fileRef = 2B6723051E94936700F5EABF /* UIalertController+Extensions.swift */; };
		2B6723091E95D47200F5EABF /* CartTableViewController.swift in Sources */ = {isa = PBXBuildFile; fileRef = 2B6723081E95D47200F5EABF /* CartTableViewController.swift */; };
		2B67230B1E95D48800F5EABF /* CartViewModel.swift in Sources */ = {isa = PBXBuildFile; fileRef = 2B67230A1E95D48800F5EABF /* CartViewModel.swift */; };
		2B67230E1E95D5CB00F5EABF /* Cart.storyboard in Resources */ = {isa = PBXBuildFile; fileRef = 2B67230C1E95D5CB00F5EABF /* Cart.storyboard */; };
		2B6723101E95E10D00F5EABF /* CartCell.swift in Sources */ = {isa = PBXBuildFile; fileRef = 2B67230F1E95E10D00F5EABF /* CartCell.swift */; };
		2B6AF6081E985773003F6AC3 /* CreditCardPersister.swift in Sources */ = {isa = PBXBuildFile; fileRef = 2B6AF6071E985773003F6AC3 /* CreditCardPersister.swift */; };
		2B6AF60B1E9859F7003F6AC3 /* NewCard.storyboard in Resources */ = {isa = PBXBuildFile; fileRef = 2B6AF6091E9859F7003F6AC3 /* NewCard.storyboard */; };
		2B6AF6211E9923BD003F6AC3 /* AnnotatedTextField.swift in Sources */ = {isa = PBXBuildFile; fileRef = 2B6AF60D1E9923BD003F6AC3 /* AnnotatedTextField.swift */; };
		2B6AF6221E9923BD003F6AC3 /* MaskCreditCardCVCTextField.swift in Sources */ = {isa = PBXBuildFile; fileRef = 2B6AF60F1E9923BD003F6AC3 /* MaskCreditCardCVCTextField.swift */; };
		2B6AF6231E9923BD003F6AC3 /* MaskCreditCardDateValidationTextField.swift in Sources */ = {isa = PBXBuildFile; fileRef = 2B6AF6101E9923BD003F6AC3 /* MaskCreditCardDateValidationTextField.swift */; };
		2B6AF6241E9923BD003F6AC3 /* MaskCreditCardTextField.swift in Sources */ = {isa = PBXBuildFile; fileRef = 2B6AF6111E9923BD003F6AC3 /* MaskCreditCardTextField.swift */; };
		2B6AF6251E9923BD003F6AC3 /* MaskNameTextField.swift in Sources */ = {isa = PBXBuildFile; fileRef = 2B6AF6121E9923BD003F6AC3 /* MaskNameTextField.swift */; };
		2B6AF6261E9923BD003F6AC3 /* CreditCardValidationType.swift in Sources */ = {isa = PBXBuildFile; fileRef = 2B6AF6141E9923BD003F6AC3 /* CreditCardValidationType.swift */; };
		2B6AF6271E9923BD003F6AC3 /* CreditCardValidator.swift in Sources */ = {isa = PBXBuildFile; fileRef = 2B6AF6151E9923BD003F6AC3 /* CreditCardValidator.swift */; };
		2B6AF6281E9923BD003F6AC3 /* Mask.swift in Sources */ = {isa = PBXBuildFile; fileRef = 2B6AF6161E9923BD003F6AC3 /* Mask.swift */; };
		2B6AF62D1E9923BD003F6AC3 /* MaskCEPTextField.swift in Sources */ = {isa = PBXBuildFile; fileRef = 2B6AF61B1E9923BD003F6AC3 /* MaskCEPTextField.swift */; };
		2B6AF6301E9923BD003F6AC3 /* MaskNumberPhoneTextField.swift in Sources */ = {isa = PBXBuildFile; fileRef = 2B6AF61E1E9923BD003F6AC3 /* MaskNumberPhoneTextField.swift */; };
		2B6AF6311E9923BD003F6AC3 /* TextFieldMask.swift in Sources */ = {isa = PBXBuildFile; fileRef = 2B6AF61F1E9923BD003F6AC3 /* TextFieldMask.swift */; };
		2B6AF6321E9923BD003F6AC3 /* ValidationObjects.swift in Sources */ = {isa = PBXBuildFile; fileRef = 2B6AF6201E9923BD003F6AC3 /* ValidationObjects.swift */; };
		2B6AF6351E99277D003F6AC3 /* NewCreditCardViewController.swift in Sources */ = {isa = PBXBuildFile; fileRef = 2B6AF6341E99277D003F6AC3 /* NewCreditCardViewController.swift */; };
		2B6AF6371E992CB2003F6AC3 /* CreditCardsTableViewController.swift in Sources */ = {isa = PBXBuildFile; fileRef = 2B6AF6361E992CB2003F6AC3 /* CreditCardsTableViewController.swift */; };
		2B6AF63A1E992D09003F6AC3 /* CreditCards.storyboard in Resources */ = {isa = PBXBuildFile; fileRef = 2B6AF6381E992D09003F6AC3 /* CreditCards.storyboard */; };
		2B6AF63C1E992E4E003F6AC3 /* CardCell.swift in Sources */ = {isa = PBXBuildFile; fileRef = 2B6AF63B1E992E4E003F6AC3 /* CardCell.swift */; };
		2B6AF63E1E992FDA003F6AC3 /* CreditCardsViewModel.swift in Sources */ = {isa = PBXBuildFile; fileRef = 2B6AF63D1E992FDA003F6AC3 /* CreditCardsViewModel.swift */; };
		2B6AF6401E9AA100003F6AC3 /* SinopseViewController.swift in Sources */ = {isa = PBXBuildFile; fileRef = 2B6AF63F1E9AA100003F6AC3 /* SinopseViewController.swift */; };
		2B6CDE281E9C764700439ABE /* MeusDadosViewModel.swift in Sources */ = {isa = PBXBuildFile; fileRef = 2B6CDE271E9C764700439ABE /* MeusDadosViewModel.swift */; };
		2B6CDE2A1E9C7BF000439ABE /* UserDataCell.swift in Sources */ = {isa = PBXBuildFile; fileRef = 2B6CDE291E9C7BF000439ABE /* UserDataCell.swift */; };
		2BB2A2D81EA5A5C700906CE5 /* CreditCardContainer.swift in Sources */ = {isa = PBXBuildFile; fileRef = 2BB2A2D71EA5A5C700906CE5 /* CreditCardContainer.swift */; };
		2BD401431EA4168500416F90 /* CartContainer.swift in Sources */ = {isa = PBXBuildFile; fileRef = 2BD401421EA4168500416F90 /* CartContainer.swift */; };
		2BE70AB21E9DB5CC00AF3718 /* LanguageHeader.swift in Sources */ = {isa = PBXBuildFile; fileRef = 2BE70AB11E9DB5CC00AF3718 /* LanguageHeader.swift */; };
		2BE70AB41E9F0BA200AF3718 /* CongressCell.xib in Resources */ = {isa = PBXBuildFile; fileRef = 2BE70AB31E9F0BA200AF3718 /* CongressCell.xib */; };
		2BE70AB61E9F0C8400AF3718 /* CongressCell.swift in Sources */ = {isa = PBXBuildFile; fileRef = 2BE70AB51E9F0C8400AF3718 /* CongressCell.swift */; };
		2BE70AB81E9F186B00AF3718 /* FocusTextView.swift in Sources */ = {isa = PBXBuildFile; fileRef = 2BE70AB71E9F186B00AF3718 /* FocusTextView.swift */; };
		2C0027D31E401F020020ABA0 /* ThirdPartyToolsLoader.swift in Sources */ = {isa = PBXBuildFile; fileRef = 2C0027D21E401F020020ABA0 /* ThirdPartyToolsLoader.swift */; };
		2C0027D51E401F1C0020ABA0 /* FabricTool.swift in Sources */ = {isa = PBXBuildFile; fileRef = 2C0027D41E401F1C0020ABA0 /* FabricTool.swift */; };
		2C01A1351E8A113000C8A342 /* Orders.storyboard in Resources */ = {isa = PBXBuildFile; fileRef = 2C01A1331E8A113000C8A342 /* Orders.storyboard */; };
		2C01A1371E8C8E9D00C8A342 /* OrdersContainerCell.swift in Sources */ = {isa = PBXBuildFile; fileRef = 2C01A1361E8C8E9D00C8A342 /* OrdersContainerCell.swift */; };
		2C01A1391E8C902700C8A342 /* OrderCell.xib in Resources */ = {isa = PBXBuildFile; fileRef = 2C01A1381E8C902700C8A342 /* OrderCell.xib */; };
		2C01A13B1E8C904000C8A342 /* OrderCell.swift in Sources */ = {isa = PBXBuildFile; fileRef = 2C01A13A1E8C904000C8A342 /* OrderCell.swift */; };
		2C047DBE1E88321400CA39A5 /* HeaderBuilder.swift in Sources */ = {isa = PBXBuildFile; fileRef = 2C047DBD1E88321400CA39A5 /* HeaderBuilder.swift */; };
		2C1B4A501E7B7DD600DED396 /* CongressoDetail.storyboard in Resources */ = {isa = PBXBuildFile; fileRef = 2C1B4A4F1E7B7DD600DED396 /* CongressoDetail.storyboard */; };
		2C1B4A531E7B830200DED396 /* CongressDetailController.swift in Sources */ = {isa = PBXBuildFile; fileRef = 2C1B4A521E7B830200DED396 /* CongressDetailController.swift */; };
		2C1B4A551E7B83F900DED396 /* CongressDetailViewModel.swift in Sources */ = {isa = PBXBuildFile; fileRef = 2C1B4A541E7B83F900DED396 /* CongressDetailViewModel.swift */; };
		2C1B4A571E7F5AD900DED396 /* CongressDetailCell.swift in Sources */ = {isa = PBXBuildFile; fileRef = 2C1B4A561E7F5AD900DED396 /* CongressDetailCell.swift */; };
		2C1B4A591E7F66DB00DED396 /* Float+Extension.swift in Sources */ = {isa = PBXBuildFile; fileRef = 2C1B4A581E7F66DB00DED396 /* Float+Extension.swift */; };
		2C1B4A5B1E7F71EE00DED396 /* UIViewController+Extensions.swift in Sources */ = {isa = PBXBuildFile; fileRef = 2C1B4A5A1E7F71EE00DED396 /* UIViewController+Extensions.swift */; };
		2C1B4A5D1E7F742D00DED396 /* FocusedTextView.swift in Sources */ = {isa = PBXBuildFile; fileRef = 2C1B4A5C1E7F742D00DED396 /* FocusedTextView.swift */; };
		2C1B4A601E835FF600DED396 /* LoginDTO.swift in Sources */ = {isa = PBXBuildFile; fileRef = 2C1B4A5F1E835FF600DED396 /* LoginDTO.swift */; };
		2C1B4A621E83606F00DED396 /* LoginRequest.swift in Sources */ = {isa = PBXBuildFile; fileRef = 2C1B4A611E83606F00DED396 /* LoginRequest.swift */; };
		2C1B4A641E8360A000DED396 /* UserToken.swift in Sources */ = {isa = PBXBuildFile; fileRef = 2C1B4A631E8360A000DED396 /* UserToken.swift */; };
		2C1B4A671E8363A800DED396 /* RealmEncrypted.swift in Sources */ = {isa = PBXBuildFile; fileRef = 2C1B4A661E8363A800DED396 /* RealmEncrypted.swift */; };
		2C1B4A6C1E83659C00DED396 /* KeychainAccess.swift in Sources */ = {isa = PBXBuildFile; fileRef = 2C1B4A6B1E83659C00DED396 /* KeychainAccess.swift */; };
		2C1B4A6E1E83666E00DED396 /* RealmPersister.swift in Sources */ = {isa = PBXBuildFile; fileRef = 2C1B4A6D1E83666E00DED396 /* RealmPersister.swift */; };
		2C1B4A701E83674900DED396 /* TokenPersister.swift in Sources */ = {isa = PBXBuildFile; fileRef = 2C1B4A6F1E83674900DED396 /* TokenPersister.swift */; };
		2C1B4A721E836E0E00DED396 /* Login.storyboard in Resources */ = {isa = PBXBuildFile; fileRef = 2C1B4A711E836E0E00DED396 /* Login.storyboard */; };
		2C1B4A751E836F4200DED396 /* LoginViewController.swift in Sources */ = {isa = PBXBuildFile; fileRef = 2C1B4A741E836F4200DED396 /* LoginViewController.swift */; };
		2C1F9FCC1E88B380000B0466 /* MeusProdutosViewController.swift in Sources */ = {isa = PBXBuildFile; fileRef = 2C1F9FCB1E88B380000B0466 /* MeusProdutosViewController.swift */; };
		2C4ABF1B1E3043F000FA73A2 /* AppDelegate.swift in Sources */ = {isa = PBXBuildFile; fileRef = 2C4ABF1A1E3043F000FA73A2 /* AppDelegate.swift */; };
		2C4ABF221E3043F000FA73A2 /* Main.storyboard in Resources */ = {isa = PBXBuildFile; fileRef = 2C4ABF201E3043F000FA73A2 /* Main.storyboard */; };
		2C4ABF241E3043F000FA73A2 /* Assets.xcassets in Resources */ = {isa = PBXBuildFile; fileRef = 2C4ABF231E3043F000FA73A2 /* Assets.xcassets */; };
		2C4ABF2F1E3043F000FA73A2 /* TVMedTests.swift in Sources */ = {isa = PBXBuildFile; fileRef = 2C4ABF2E1E3043F000FA73A2 /* TVMedTests.swift */; };
		2C4F5FE21E40222800754DBB /* SearchViewController.swift in Sources */ = {isa = PBXBuildFile; fileRef = 2C4F5FE11E40222800754DBB /* SearchViewController.swift */; };
		2C5A99481E67904C00F6E4E9 /* HomeCategoryCell.xib in Resources */ = {isa = PBXBuildFile; fileRef = 2C5A99471E67904C00F6E4E9 /* HomeCategoryCell.xib */; };
		2C5A994A1E6790B700F6E4E9 /* HomeCategoryCell.swift in Sources */ = {isa = PBXBuildFile; fileRef = 2C5A99491E6790B700F6E4E9 /* HomeCategoryCell.swift */; };
		2C5A994C1E690A7500F6E4E9 /* CollectionViewContainerCell.swift in Sources */ = {isa = PBXBuildFile; fileRef = 2C5A994B1E690A7500F6E4E9 /* CollectionViewContainerCell.swift */; };
		2C5A994E1E6910AF00F6E4E9 /* CategorieContainerCell.swift in Sources */ = {isa = PBXBuildFile; fileRef = 2C5A994D1E6910AF00F6E4E9 /* CategorieContainerCell.swift */; };
		2C5BE2591E5FA3350038AE0E /* UITableViewCell+Extensions.swift in Sources */ = {isa = PBXBuildFile; fileRef = 2C5BE2581E5FA3350038AE0E /* UITableViewCell+Extensions.swift */; };
		2C6321671ECD2AF400F537F0 /* FunctionRequest.swift in Sources */ = {isa = PBXBuildFile; fileRef = 2C6321661ECD2AF400F537F0 /* FunctionRequest.swift */; };
		2C63216A1ECD2CF800F537F0 /* WorkResult.swift in Sources */ = {isa = PBXBuildFile; fileRef = 2C6321691ECD2CF800F537F0 /* WorkResult.swift */; };
		2C76515B1E8A0A2A003D5D34 /* MeusProdutosViewModel.swift in Sources */ = {isa = PBXBuildFile; fileRef = 2C76515A1E8A0A2A003D5D34 /* MeusProdutosViewModel.swift */; };
		2C76515D1E8A0B60003D5D34 /* OrdersRequest.swift in Sources */ = {isa = PBXBuildFile; fileRef = 2C76515C1E8A0B60003D5D34 /* OrdersRequest.swift */; };
		2C7C532C1E5F7F090026380C /* CategoriesRequest.swift in Sources */ = {isa = PBXBuildFile; fileRef = 2C7C532B1E5F7F090026380C /* CategoriesRequest.swift */; };
		2C7C532F1E5F7F5D0026380C /* Categorie.swift in Sources */ = {isa = PBXBuildFile; fileRef = 2C7C532E1E5F7F5D0026380C /* Categorie.swift */; };
		2C7C53311E5F7FEE0026380C /* HomeSections.swift in Sources */ = {isa = PBXBuildFile; fileRef = 2C7C53301E5F7FEE0026380C /* HomeSections.swift */; };
		2C7C53371E5F8AF70026380C /* HomeCatalogCollectionViewCell.xib in Resources */ = {isa = PBXBuildFile; fileRef = 2C7C53361E5F8AF70026380C /* HomeCatalogCollectionViewCell.xib */; };
		2C9D0A3F1E6E56E40095A1FB /* Especiality.swift in Sources */ = {isa = PBXBuildFile; fileRef = 2C9D0A3E1E6E56E40095A1FB /* Especiality.swift */; };
		2C9D0A411E6E585A0095A1FB /* EspecialityRequest.swift in Sources */ = {isa = PBXBuildFile; fileRef = 2C9D0A401E6E585A0095A1FB /* EspecialityRequest.swift */; };
		2C9D0A441E6E5A530095A1FB /* EspecCollectionViewContainerCell.swift in Sources */ = {isa = PBXBuildFile; fileRef = 2C9D0A431E6E5A530095A1FB /* EspecCollectionViewContainerCell.swift */; };
		2C9D0A461E6E5A6C0095A1FB /* HomeSpecCell.swift in Sources */ = {isa = PBXBuildFile; fileRef = 2C9D0A451E6E5A6C0095A1FB /* HomeSpecCell.swift */; };
		2C9D0A481E6E5A810095A1FB /* HomeSpecCell.xib in Resources */ = {isa = PBXBuildFile; fileRef = 2C9D0A471E6E5A810095A1FB /* HomeSpecCell.xib */; };
		2C9D0A4B1E6FA0C40095A1FB /* MidiaPromotion.swift in Sources */ = {isa = PBXBuildFile; fileRef = 2C9D0A4A1E6FA0C40095A1FB /* MidiaPromotion.swift */; };
		2C9D0A4D1E6FA6370095A1FB /* EspecialitiesController.storyboard in Resources */ = {isa = PBXBuildFile; fileRef = 2C9D0A4C1E6FA6370095A1FB /* EspecialitiesController.storyboard */; };
		2C9D0A551E6FA8170095A1FB /* Home.storyboard in Resources */ = {isa = PBXBuildFile; fileRef = 2C9D0A531E6FA8170095A1FB /* Home.storyboard */; };
		2C9D0A581E6FA9140095A1FB /* EspecialitiesController.swift in Sources */ = {isa = PBXBuildFile; fileRef = 2C9D0A571E6FA9140095A1FB /* EspecialitiesController.swift */; };
		2C9D0A5A1E70F87C0095A1FB /* EspecialitiesViewModel.swift in Sources */ = {isa = PBXBuildFile; fileRef = 2C9D0A591E70F87C0095A1FB /* EspecialitiesViewModel.swift */; };
		2C9D0A611E78DF660095A1FB /* HeaderCell.swift in Sources */ = {isa = PBXBuildFile; fileRef = 2C9D0A601E78DF660095A1FB /* HeaderCell.swift */; };
		2CA9139D1E5F9B3B00E1411F /* UIView+Extensions.swift in Sources */ = {isa = PBXBuildFile; fileRef = 2CA9139C1E5F9B3B00E1411F /* UIView+Extensions.swift */; };
		2CA9139F1E5F9D8F00E1411F /* HomeCatalogCollectionViewCell.swift in Sources */ = {isa = PBXBuildFile; fileRef = 2CA9139E1E5F9D8F00E1411F /* HomeCatalogCollectionViewCell.swift */; };
		2CA913A11E5F9E3700E1411F /* UICollectionViewCell+Extensions.swift in Sources */ = {isa = PBXBuildFile; fileRef = 2CA913A01E5F9E3700E1411F /* UICollectionViewCell+Extensions.swift */; };
		2CA913A31E5FA07A00E1411F /* Array+Extensions.swift in Sources */ = {isa = PBXBuildFile; fileRef = 2CA913A21E5FA07A00E1411F /* Array+Extensions.swift */; };
		2CBDC0681E870C0D00D49955 /* LoginViewModel.swift in Sources */ = {isa = PBXBuildFile; fileRef = 2CBDC0671E870C0D00D49955 /* LoginViewModel.swift */; };
		2CBDC06A1E870D4200D49955 /* ValidatesPassword.swift in Sources */ = {isa = PBXBuildFile; fileRef = 2CBDC0691E870D4200D49955 /* ValidatesPassword.swift */; };
		2CBDC06C1E870D5700D49955 /* ValidatesEmail.swift in Sources */ = {isa = PBXBuildFile; fileRef = 2CBDC06B1E870D5700D49955 /* ValidatesEmail.swift */; };
		2CDC58A31E8E0275003C28EC /* UserRequests.swift in Sources */ = {isa = PBXBuildFile; fileRef = 2CDC58A21E8E0275003C28EC /* UserRequests.swift */; };
		2CDC58A51E8E029F003C28EC /* User.swift in Sources */ = {isa = PBXBuildFile; fileRef = 2CDC58A41E8E029F003C28EC /* User.swift */; };
		2CDC58A81E916BCE003C28EC /* Search.storyboard in Resources */ = {isa = PBXBuildFile; fileRef = 2CDC58A61E916BCE003C28EC /* Search.storyboard */; };
		2CDC58AB1E91711D003C28EC /* TabBarController.swift in Sources */ = {isa = PBXBuildFile; fileRef = 2CDC58AA1E91711D003C28EC /* TabBarController.swift */; };
		2CDC58AD1E917A7E003C28EC /* SearchViewModel.swift in Sources */ = {isa = PBXBuildFile; fileRef = 2CDC58AC1E917A7E003C28EC /* SearchViewModel.swift */; };
		2CDC58B01E9334C3003C28EC /* Cart.swift in Sources */ = {isa = PBXBuildFile; fileRef = 2CDC58AF1E9334C3003C28EC /* Cart.swift */; };
		2CDC58B21E9334F8003C28EC /* CartItem.swift in Sources */ = {isa = PBXBuildFile; fileRef = 2CDC58B11E9334F8003C28EC /* CartItem.swift */; };
		2CDC58B41E933650003C28EC /* CreditCard.swift in Sources */ = {isa = PBXBuildFile; fileRef = 2CDC58B31E933650003C28EC /* CreditCard.swift */; };
		2CDC58B61E933BC6003C28EC /* CartPersister.swift in Sources */ = {isa = PBXBuildFile; fileRef = 2CDC58B51E933BC6003C28EC /* CartPersister.swift */; };
		2CDC58B81E933CBC003C28EC /* CheckoutRequest.swift in Sources */ = {isa = PBXBuildFile; fileRef = 2CDC58B71E933CBC003C28EC /* CheckoutRequest.swift */; };
		2CDC58BA1E933E86003C28EC /* CheckoutResponse.swift in Sources */ = {isa = PBXBuildFile; fileRef = 2CDC58B91E933E86003C28EC /* CheckoutResponse.swift */; };
		2CF186C21E5D228F008029B3 /* String+Extensions.swift in Sources */ = {isa = PBXBuildFile; fileRef = 2CF186C11E5D228F008029B3 /* String+Extensions.swift */; };
		2CF186C41E5D2502008029B3 /* Dictionary+Extensions.swift in Sources */ = {isa = PBXBuildFile; fileRef = 2CF186C31E5D2502008029B3 /* Dictionary+Extensions.swift */; };
		2CF186C61E5D25F1008029B3 /* HomeViewController.swift in Sources */ = {isa = PBXBuildFile; fileRef = 2CF186C51E5D25F1008029B3 /* HomeViewController.swift */; };
		2CF186C81E5D25F9008029B3 /* HomeViewModel.swift in Sources */ = {isa = PBXBuildFile; fileRef = 2CF186C71E5D25F9008029B3 /* HomeViewModel.swift */; };
		2CF186CC1E5D26D3008029B3 /* NewReleasesRequest.swift in Sources */ = {isa = PBXBuildFile; fileRef = 2CF186CB1E5D26D3008029B3 /* NewReleasesRequest.swift */; };
		2CF186D01E5D2822008029B3 /* Releases.swift in Sources */ = {isa = PBXBuildFile; fileRef = 2CF186CF1E5D2822008029B3 /* Releases.swift */; };
		2CF186DA1E5D3802008029B3 /* BaseRequest.swift in Sources */ = {isa = PBXBuildFile; fileRef = 2CF186D11E5D3802008029B3 /* BaseRequest.swift */; };
		2CF186DC1E5D3802008029B3 /* ErrorTypeApp.swift in Sources */ = {isa = PBXBuildFile; fileRef = 2CF186D31E5D3802008029B3 /* ErrorTypeApp.swift */; };
		2CF186E11E5D3802008029B3 /* RequestParser.swift in Sources */ = {isa = PBXBuildFile; fileRef = 2CF186D81E5D3802008029B3 /* RequestParser.swift */; };
		2CF186E21E5D3802008029B3 /* RequestResponseParse.swift in Sources */ = {isa = PBXBuildFile; fileRef = 2CF186D91E5D3802008029B3 /* RequestResponseParse.swift */; };
		2CF186E61E5F7246008029B3 /* LoadingOverlay.swift in Sources */ = {isa = PBXBuildFile; fileRef = 2CF186E51E5F7246008029B3 /* LoadingOverlay.swift */; };
/* End PBXBuildFile section */

/* Begin PBXContainerItemProxy section */
		2C4ABF2B1E3043F000FA73A2 /* PBXContainerItemProxy */ = {
			isa = PBXContainerItemProxy;
			containerPortal = 2C4ABF0F1E3043F000FA73A2 /* Project object */;
			proxyType = 1;
			remoteGlobalIDString = 2C4ABF161E3043F000FA73A2;
			remoteInfo = TVMed;
		};
/* End PBXContainerItemProxy section */

/* Begin PBXFileReference section */
		0968D6E8E29EED2CB47A1D76 /* Pods-TVMedTests.debug.xcconfig */ = {isa = PBXFileReference; includeInIndex = 1; lastKnownFileType = text.xcconfig; name = "Pods-TVMedTests.debug.xcconfig"; path = "Pods/Target Support Files/Pods-TVMedTests/Pods-TVMedTests.debug.xcconfig"; sourceTree = "<group>"; };
		2B07BEC91E97207B00DB3DF7 /* ResumeCell.swift */ = {isa = PBXFileReference; fileEncoding = 4; lastKnownFileType = sourcecode.swift; path = ResumeCell.swift; sourceTree = "<group>"; };
		2B10531E1EA6C565005EDD8A /* TopicsContainer.swift */ = {isa = PBXFileReference; fileEncoding = 4; lastKnownFileType = sourcecode.swift; path = TopicsContainer.swift; sourceTree = "<group>"; };
		2B4E10281E9F1B3F00B4171A /* ModalTextView.storyboard */ = {isa = PBXFileReference; fileEncoding = 4; lastKnownFileType = file.storyboard; path = ModalTextView.storyboard; sourceTree = "<group>"; };
		2B4E102A1EA118E300B4171A /* RemoteCreditCard.swift */ = {isa = PBXFileReference; fileEncoding = 4; lastKnownFileType = sourcecode.swift; path = RemoteCreditCard.swift; sourceTree = "<group>"; };
		2B4E102D1EA2BC0700B4171A /* MidiaDetail.swift */ = {isa = PBXFileReference; fileEncoding = 4; lastKnownFileType = sourcecode.swift; path = MidiaDetail.swift; sourceTree = "<group>"; };
		2B4E102F1EA2BC4900B4171A /* MidiaTopic.swift */ = {isa = PBXFileReference; fileEncoding = 4; lastKnownFileType = sourcecode.swift; path = MidiaTopic.swift; sourceTree = "<group>"; };
		2B4E10311EA2BC7C00B4171A /* MidiaSubTopic.swift */ = {isa = PBXFileReference; fileEncoding = 4; lastKnownFileType = sourcecode.swift; path = MidiaSubTopic.swift; sourceTree = "<group>"; };
		2B4E10341EA2BDFE00B4171A /* Topics.storyboard */ = {isa = PBXFileReference; fileEncoding = 4; lastKnownFileType = file.storyboard; path = Topics.storyboard; sourceTree = "<group>"; };
		2B4E10361EA2BE3800B4171A /* TopicsTableViewController.swift */ = {isa = PBXFileReference; fileEncoding = 4; lastKnownFileType = sourcecode.swift; path = TopicsTableViewController.swift; sourceTree = "<group>"; };
		2B4E10381EA2BF5D00B4171A /* TopicsViewModel.swift */ = {isa = PBXFileReference; fileEncoding = 4; lastKnownFileType = sourcecode.swift; path = TopicsViewModel.swift; sourceTree = "<group>"; };
		2B4E103D1EA2C59100B4171A /* TableViewHeaderCell.swift */ = {isa = PBXFileReference; fileEncoding = 4; lastKnownFileType = sourcecode.swift; path = TableViewHeaderCell.swift; sourceTree = "<group>"; };
		2B4E103F1EA2C9F100B4171A /* TableViewHeaderCell.xib */ = {isa = PBXFileReference; fileEncoding = 4; lastKnownFileType = file.xib; path = TableViewHeaderCell.xib; sourceTree = "<group>"; };
		2B4E10411EA2CB2B00B4171A /* TopicCell.xib */ = {isa = PBXFileReference; fileEncoding = 4; lastKnownFileType = file.xib; path = TopicCell.xib; sourceTree = "<group>"; };
		2B4E10431EA2CB7000B4171A /* TopicCell.swift */ = {isa = PBXFileReference; fileEncoding = 4; lastKnownFileType = sourcecode.swift; path = TopicCell.swift; sourceTree = "<group>"; };
		2B4E10451EA2CC6F00B4171A /* UIColor+Extensions.swift */ = {isa = PBXFileReference; fileEncoding = 4; lastKnownFileType = sourcecode.swift; path = "UIColor+Extensions.swift"; sourceTree = "<group>"; };
		2B4E10471EA2D19800B4171A /* VideoRequest.swift */ = {isa = PBXFileReference; fileEncoding = 4; lastKnownFileType = sourcecode.swift; path = VideoRequest.swift; sourceTree = "<group>"; };
		2B4E104A1EA2D29000B4171A /* UDID.swift */ = {isa = PBXFileReference; fileEncoding = 4; lastKnownFileType = sourcecode.swift; path = UDID.swift; sourceTree = "<group>"; };
		2B4E104C1EA2D4D600B4171A /* VideoToken.swift */ = {isa = PBXFileReference; fileEncoding = 4; lastKnownFileType = sourcecode.swift; path = VideoToken.swift; sourceTree = "<group>"; };
		2B4E104E1EA2DA9F00B4171A /* Video.storyboard */ = {isa = PBXFileReference; fileEncoding = 4; lastKnownFileType = file.storyboard; path = Video.storyboard; sourceTree = "<group>"; };
		2B4E10511EA2DB0300B4171A /* VideoPlayerController.swift */ = {isa = PBXFileReference; fileEncoding = 4; lastKnownFileType = sourcecode.swift; path = VideoPlayerController.swift; sourceTree = "<group>"; };
		2B4E10531EA2E09A00B4171A /* MeusDados.storyboard */ = {isa = PBXFileReference; fileEncoding = 4; lastKnownFileType = file.storyboard; path = MeusDados.storyboard; sourceTree = "<group>"; };
		2B5D18FE1E9C729700774836 /* MeusDadosController.swift */ = {isa = PBXFileReference; fileEncoding = 4; lastKnownFileType = sourcecode.swift; path = MeusDadosController.swift; sourceTree = "<group>"; };
		2B6723051E94936700F5EABF /* UIalertController+Extensions.swift */ = {isa = PBXFileReference; fileEncoding = 4; lastKnownFileType = sourcecode.swift; path = "UIalertController+Extensions.swift"; sourceTree = "<group>"; };
		2B6723081E95D47200F5EABF /* CartTableViewController.swift */ = {isa = PBXFileReference; fileEncoding = 4; lastKnownFileType = sourcecode.swift; path = CartTableViewController.swift; sourceTree = "<group>"; };
		2B67230A1E95D48800F5EABF /* CartViewModel.swift */ = {isa = PBXFileReference; fileEncoding = 4; lastKnownFileType = sourcecode.swift; path = CartViewModel.swift; sourceTree = "<group>"; };
		2B67230D1E95D5CB00F5EABF /* Base */ = {isa = PBXFileReference; lastKnownFileType = file.storyboard; name = Base; path = Base.lproj/Cart.storyboard; sourceTree = "<group>"; };
		2B67230F1E95E10D00F5EABF /* CartCell.swift */ = {isa = PBXFileReference; fileEncoding = 4; lastKnownFileType = sourcecode.swift; path = CartCell.swift; sourceTree = "<group>"; };
		2B6AF6071E985773003F6AC3 /* CreditCardPersister.swift */ = {isa = PBXFileReference; fileEncoding = 4; lastKnownFileType = sourcecode.swift; path = CreditCardPersister.swift; sourceTree = "<group>"; };
		2B6AF60A1E9859F7003F6AC3 /* Base */ = {isa = PBXFileReference; lastKnownFileType = file.storyboard; name = Base; path = Base.lproj/NewCard.storyboard; sourceTree = "<group>"; };
		2B6AF60D1E9923BD003F6AC3 /* AnnotatedTextField.swift */ = {isa = PBXFileReference; fileEncoding = 4; lastKnownFileType = sourcecode.swift; path = AnnotatedTextField.swift; sourceTree = "<group>"; };
		2B6AF60F1E9923BD003F6AC3 /* MaskCreditCardCVCTextField.swift */ = {isa = PBXFileReference; fileEncoding = 4; lastKnownFileType = sourcecode.swift; path = MaskCreditCardCVCTextField.swift; sourceTree = "<group>"; };
		2B6AF6101E9923BD003F6AC3 /* MaskCreditCardDateValidationTextField.swift */ = {isa = PBXFileReference; fileEncoding = 4; lastKnownFileType = sourcecode.swift; path = MaskCreditCardDateValidationTextField.swift; sourceTree = "<group>"; };
		2B6AF6111E9923BD003F6AC3 /* MaskCreditCardTextField.swift */ = {isa = PBXFileReference; fileEncoding = 4; lastKnownFileType = sourcecode.swift; path = MaskCreditCardTextField.swift; sourceTree = "<group>"; };
		2B6AF6121E9923BD003F6AC3 /* MaskNameTextField.swift */ = {isa = PBXFileReference; fileEncoding = 4; lastKnownFileType = sourcecode.swift; path = MaskNameTextField.swift; sourceTree = "<group>"; };
		2B6AF6141E9923BD003F6AC3 /* CreditCardValidationType.swift */ = {isa = PBXFileReference; fileEncoding = 4; lastKnownFileType = sourcecode.swift; path = CreditCardValidationType.swift; sourceTree = "<group>"; };
		2B6AF6151E9923BD003F6AC3 /* CreditCardValidator.swift */ = {isa = PBXFileReference; fileEncoding = 4; lastKnownFileType = sourcecode.swift; path = CreditCardValidator.swift; sourceTree = "<group>"; };
		2B6AF6161E9923BD003F6AC3 /* Mask.swift */ = {isa = PBXFileReference; fileEncoding = 4; lastKnownFileType = sourcecode.swift; path = Mask.swift; sourceTree = "<group>"; };
		2B6AF61B1E9923BD003F6AC3 /* MaskCEPTextField.swift */ = {isa = PBXFileReference; fileEncoding = 4; lastKnownFileType = sourcecode.swift; path = MaskCEPTextField.swift; sourceTree = "<group>"; };
		2B6AF61E1E9923BD003F6AC3 /* MaskNumberPhoneTextField.swift */ = {isa = PBXFileReference; fileEncoding = 4; lastKnownFileType = sourcecode.swift; path = MaskNumberPhoneTextField.swift; sourceTree = "<group>"; };
		2B6AF61F1E9923BD003F6AC3 /* TextFieldMask.swift */ = {isa = PBXFileReference; fileEncoding = 4; lastKnownFileType = sourcecode.swift; path = TextFieldMask.swift; sourceTree = "<group>"; };
		2B6AF6201E9923BD003F6AC3 /* ValidationObjects.swift */ = {isa = PBXFileReference; fileEncoding = 4; lastKnownFileType = sourcecode.swift; path = ValidationObjects.swift; sourceTree = "<group>"; };
		2B6AF6341E99277D003F6AC3 /* NewCreditCardViewController.swift */ = {isa = PBXFileReference; fileEncoding = 4; lastKnownFileType = sourcecode.swift; path = NewCreditCardViewController.swift; sourceTree = "<group>"; };
		2B6AF6361E992CB2003F6AC3 /* CreditCardsTableViewController.swift */ = {isa = PBXFileReference; fileEncoding = 4; lastKnownFileType = sourcecode.swift; path = CreditCardsTableViewController.swift; sourceTree = "<group>"; };
		2B6AF6391E992D09003F6AC3 /* Base */ = {isa = PBXFileReference; lastKnownFileType = file.storyboard; name = Base; path = Base.lproj/CreditCards.storyboard; sourceTree = "<group>"; };
		2B6AF63B1E992E4E003F6AC3 /* CardCell.swift */ = {isa = PBXFileReference; fileEncoding = 4; lastKnownFileType = sourcecode.swift; path = CardCell.swift; sourceTree = "<group>"; };
		2B6AF63D1E992FDA003F6AC3 /* CreditCardsViewModel.swift */ = {isa = PBXFileReference; fileEncoding = 4; lastKnownFileType = sourcecode.swift; path = CreditCardsViewModel.swift; sourceTree = "<group>"; };
		2B6AF63F1E9AA100003F6AC3 /* SinopseViewController.swift */ = {isa = PBXFileReference; fileEncoding = 4; lastKnownFileType = sourcecode.swift; path = SinopseViewController.swift; sourceTree = "<group>"; };
		2B6CDE271E9C764700439ABE /* MeusDadosViewModel.swift */ = {isa = PBXFileReference; fileEncoding = 4; lastKnownFileType = sourcecode.swift; path = MeusDadosViewModel.swift; sourceTree = "<group>"; };
		2B6CDE291E9C7BF000439ABE /* UserDataCell.swift */ = {isa = PBXFileReference; fileEncoding = 4; lastKnownFileType = sourcecode.swift; path = UserDataCell.swift; sourceTree = "<group>"; };
		2BB2A2D71EA5A5C700906CE5 /* CreditCardContainer.swift */ = {isa = PBXFileReference; fileEncoding = 4; lastKnownFileType = sourcecode.swift; path = CreditCardContainer.swift; sourceTree = "<group>"; };
		2BD401421EA4168500416F90 /* CartContainer.swift */ = {isa = PBXFileReference; fileEncoding = 4; lastKnownFileType = sourcecode.swift; path = CartContainer.swift; sourceTree = "<group>"; };
		2BE70AB11E9DB5CC00AF3718 /* LanguageHeader.swift */ = {isa = PBXFileReference; fileEncoding = 4; lastKnownFileType = sourcecode.swift; path = LanguageHeader.swift; sourceTree = "<group>"; };
		2BE70AB31E9F0BA200AF3718 /* CongressCell.xib */ = {isa = PBXFileReference; fileEncoding = 4; lastKnownFileType = file.xib; path = CongressCell.xib; sourceTree = "<group>"; };
		2BE70AB51E9F0C8400AF3718 /* CongressCell.swift */ = {isa = PBXFileReference; fileEncoding = 4; lastKnownFileType = sourcecode.swift; path = CongressCell.swift; sourceTree = "<group>"; };
		2BE70AB71E9F186B00AF3718 /* FocusTextView.swift */ = {isa = PBXFileReference; fileEncoding = 4; lastKnownFileType = sourcecode.swift; path = FocusTextView.swift; sourceTree = "<group>"; };
		2C0027D21E401F020020ABA0 /* ThirdPartyToolsLoader.swift */ = {isa = PBXFileReference; fileEncoding = 4; lastKnownFileType = sourcecode.swift; path = ThirdPartyToolsLoader.swift; sourceTree = "<group>"; };
		2C0027D41E401F1C0020ABA0 /* FabricTool.swift */ = {isa = PBXFileReference; fileEncoding = 4; lastKnownFileType = sourcecode.swift; path = FabricTool.swift; sourceTree = "<group>"; };
		2C01A1341E8A113000C8A342 /* Base */ = {isa = PBXFileReference; lastKnownFileType = file.storyboard; name = Base; path = Base.lproj/Orders.storyboard; sourceTree = "<group>"; };
		2C01A1361E8C8E9D00C8A342 /* OrdersContainerCell.swift */ = {isa = PBXFileReference; fileEncoding = 4; lastKnownFileType = sourcecode.swift; path = OrdersContainerCell.swift; sourceTree = "<group>"; };
		2C01A1381E8C902700C8A342 /* OrderCell.xib */ = {isa = PBXFileReference; fileEncoding = 4; lastKnownFileType = file.xib; path = OrderCell.xib; sourceTree = "<group>"; };
		2C01A13A1E8C904000C8A342 /* OrderCell.swift */ = {isa = PBXFileReference; fileEncoding = 4; lastKnownFileType = sourcecode.swift; path = OrderCell.swift; sourceTree = "<group>"; };
		2C047DBD1E88321400CA39A5 /* HeaderBuilder.swift */ = {isa = PBXFileReference; fileEncoding = 4; lastKnownFileType = sourcecode.swift; path = HeaderBuilder.swift; sourceTree = "<group>"; };
		2C1B4A4F1E7B7DD600DED396 /* CongressoDetail.storyboard */ = {isa = PBXFileReference; fileEncoding = 4; lastKnownFileType = file.storyboard; path = CongressoDetail.storyboard; sourceTree = "<group>"; };
		2C1B4A521E7B830200DED396 /* CongressDetailController.swift */ = {isa = PBXFileReference; fileEncoding = 4; lastKnownFileType = sourcecode.swift; path = CongressDetailController.swift; sourceTree = "<group>"; };
		2C1B4A541E7B83F900DED396 /* CongressDetailViewModel.swift */ = {isa = PBXFileReference; fileEncoding = 4; lastKnownFileType = sourcecode.swift; path = CongressDetailViewModel.swift; sourceTree = "<group>"; };
		2C1B4A561E7F5AD900DED396 /* CongressDetailCell.swift */ = {isa = PBXFileReference; fileEncoding = 4; lastKnownFileType = sourcecode.swift; path = CongressDetailCell.swift; sourceTree = "<group>"; };
		2C1B4A581E7F66DB00DED396 /* Float+Extension.swift */ = {isa = PBXFileReference; fileEncoding = 4; lastKnownFileType = sourcecode.swift; path = "Float+Extension.swift"; sourceTree = "<group>"; };
		2C1B4A5A1E7F71EE00DED396 /* UIViewController+Extensions.swift */ = {isa = PBXFileReference; fileEncoding = 4; lastKnownFileType = sourcecode.swift; path = "UIViewController+Extensions.swift"; sourceTree = "<group>"; };
		2C1B4A5C1E7F742D00DED396 /* FocusedTextView.swift */ = {isa = PBXFileReference; fileEncoding = 4; lastKnownFileType = sourcecode.swift; path = FocusedTextView.swift; sourceTree = "<group>"; };
		2C1B4A5F1E835FF600DED396 /* LoginDTO.swift */ = {isa = PBXFileReference; fileEncoding = 4; lastKnownFileType = sourcecode.swift; path = LoginDTO.swift; sourceTree = "<group>"; };
		2C1B4A611E83606F00DED396 /* LoginRequest.swift */ = {isa = PBXFileReference; fileEncoding = 4; lastKnownFileType = sourcecode.swift; path = LoginRequest.swift; sourceTree = "<group>"; };
		2C1B4A631E8360A000DED396 /* UserToken.swift */ = {isa = PBXFileReference; fileEncoding = 4; lastKnownFileType = sourcecode.swift; path = UserToken.swift; sourceTree = "<group>"; };
		2C1B4A661E8363A800DED396 /* RealmEncrypted.swift */ = {isa = PBXFileReference; fileEncoding = 4; lastKnownFileType = sourcecode.swift; path = RealmEncrypted.swift; sourceTree = "<group>"; };
		2C1B4A6A1E83640500DED396 /* TVMed.entitlements */ = {isa = PBXFileReference; lastKnownFileType = text.plist.entitlements; path = TVMed.entitlements; sourceTree = "<group>"; };
		2C1B4A6B1E83659C00DED396 /* KeychainAccess.swift */ = {isa = PBXFileReference; fileEncoding = 4; lastKnownFileType = sourcecode.swift; path = KeychainAccess.swift; sourceTree = "<group>"; };
		2C1B4A6D1E83666E00DED396 /* RealmPersister.swift */ = {isa = PBXFileReference; fileEncoding = 4; lastKnownFileType = sourcecode.swift; path = RealmPersister.swift; sourceTree = "<group>"; };
		2C1B4A6F1E83674900DED396 /* TokenPersister.swift */ = {isa = PBXFileReference; fileEncoding = 4; lastKnownFileType = sourcecode.swift; path = TokenPersister.swift; sourceTree = "<group>"; };
		2C1B4A711E836E0E00DED396 /* Login.storyboard */ = {isa = PBXFileReference; fileEncoding = 4; lastKnownFileType = file.storyboard; path = Login.storyboard; sourceTree = "<group>"; };
		2C1B4A741E836F4200DED396 /* LoginViewController.swift */ = {isa = PBXFileReference; fileEncoding = 4; lastKnownFileType = sourcecode.swift; path = LoginViewController.swift; sourceTree = "<group>"; };
		2C1F9FCB1E88B380000B0466 /* MeusProdutosViewController.swift */ = {isa = PBXFileReference; fileEncoding = 4; lastKnownFileType = sourcecode.swift; path = MeusProdutosViewController.swift; sourceTree = "<group>"; };
		2C4ABF171E3043F000FA73A2 /* TVMed.app */ = {isa = PBXFileReference; explicitFileType = wrapper.application; includeInIndex = 0; path = TVMed.app; sourceTree = BUILT_PRODUCTS_DIR; };
		2C4ABF1A1E3043F000FA73A2 /* AppDelegate.swift */ = {isa = PBXFileReference; lastKnownFileType = sourcecode.swift; path = AppDelegate.swift; sourceTree = "<group>"; };
		2C4ABF211E3043F000FA73A2 /* Base */ = {isa = PBXFileReference; lastKnownFileType = file.storyboard; name = Base; path = Base.lproj/Main.storyboard; sourceTree = "<group>"; };
		2C4ABF231E3043F000FA73A2 /* Assets.xcassets */ = {isa = PBXFileReference; lastKnownFileType = folder.assetcatalog; path = Assets.xcassets; sourceTree = "<group>"; };
		2C4ABF251E3043F000FA73A2 /* Info.plist */ = {isa = PBXFileReference; lastKnownFileType = text.plist.xml; path = Info.plist; sourceTree = "<group>"; };
		2C4ABF2A1E3043F000FA73A2 /* TVMedTests.xctest */ = {isa = PBXFileReference; explicitFileType = wrapper.cfbundle; includeInIndex = 0; path = TVMedTests.xctest; sourceTree = BUILT_PRODUCTS_DIR; };
		2C4ABF2E1E3043F000FA73A2 /* TVMedTests.swift */ = {isa = PBXFileReference; lastKnownFileType = sourcecode.swift; path = TVMedTests.swift; sourceTree = "<group>"; };
		2C4ABF301E3043F000FA73A2 /* Info.plist */ = {isa = PBXFileReference; lastKnownFileType = text.plist.xml; path = Info.plist; sourceTree = "<group>"; };
		2C4F5FE11E40222800754DBB /* SearchViewController.swift */ = {isa = PBXFileReference; fileEncoding = 4; lastKnownFileType = sourcecode.swift; path = SearchViewController.swift; sourceTree = "<group>"; };
		2C5A99471E67904C00F6E4E9 /* HomeCategoryCell.xib */ = {isa = PBXFileReference; fileEncoding = 4; lastKnownFileType = file.xib; path = HomeCategoryCell.xib; sourceTree = "<group>"; };
		2C5A99491E6790B700F6E4E9 /* HomeCategoryCell.swift */ = {isa = PBXFileReference; fileEncoding = 4; lastKnownFileType = sourcecode.swift; path = HomeCategoryCell.swift; sourceTree = "<group>"; };
		2C5A994B1E690A7500F6E4E9 /* CollectionViewContainerCell.swift */ = {isa = PBXFileReference; fileEncoding = 4; lastKnownFileType = sourcecode.swift; path = CollectionViewContainerCell.swift; sourceTree = "<group>"; };
		2C5A994D1E6910AF00F6E4E9 /* CategorieContainerCell.swift */ = {isa = PBXFileReference; fileEncoding = 4; lastKnownFileType = sourcecode.swift; path = CategorieContainerCell.swift; sourceTree = "<group>"; };
		2C5BE2581E5FA3350038AE0E /* UITableViewCell+Extensions.swift */ = {isa = PBXFileReference; fileEncoding = 4; lastKnownFileType = sourcecode.swift; path = "UITableViewCell+Extensions.swift"; sourceTree = "<group>"; };
		2C6321661ECD2AF400F537F0 /* FunctionRequest.swift */ = {isa = PBXFileReference; fileEncoding = 4; lastKnownFileType = sourcecode.swift; path = FunctionRequest.swift; sourceTree = "<group>"; };
		2C6321691ECD2CF800F537F0 /* WorkResult.swift */ = {isa = PBXFileReference; fileEncoding = 4; lastKnownFileType = sourcecode.swift; path = WorkResult.swift; sourceTree = "<group>"; };
		2C76515A1E8A0A2A003D5D34 /* MeusProdutosViewModel.swift */ = {isa = PBXFileReference; fileEncoding = 4; lastKnownFileType = sourcecode.swift; path = MeusProdutosViewModel.swift; sourceTree = "<group>"; };
		2C76515C1E8A0B60003D5D34 /* OrdersRequest.swift */ = {isa = PBXFileReference; fileEncoding = 4; lastKnownFileType = sourcecode.swift; path = OrdersRequest.swift; sourceTree = "<group>"; };
		2C7C532B1E5F7F090026380C /* CategoriesRequest.swift */ = {isa = PBXFileReference; fileEncoding = 4; lastKnownFileType = sourcecode.swift; path = CategoriesRequest.swift; sourceTree = "<group>"; };
		2C7C532E1E5F7F5D0026380C /* Categorie.swift */ = {isa = PBXFileReference; fileEncoding = 4; lastKnownFileType = sourcecode.swift; path = Categorie.swift; sourceTree = "<group>"; };
		2C7C53301E5F7FEE0026380C /* HomeSections.swift */ = {isa = PBXFileReference; fileEncoding = 4; lastKnownFileType = sourcecode.swift; path = HomeSections.swift; sourceTree = "<group>"; };
		2C7C53361E5F8AF70026380C /* HomeCatalogCollectionViewCell.xib */ = {isa = PBXFileReference; fileEncoding = 4; lastKnownFileType = file.xib; path = HomeCatalogCollectionViewCell.xib; sourceTree = "<group>"; };
		2C9D0A3E1E6E56E40095A1FB /* Especiality.swift */ = {isa = PBXFileReference; fileEncoding = 4; lastKnownFileType = sourcecode.swift; path = Especiality.swift; sourceTree = "<group>"; };
		2C9D0A401E6E585A0095A1FB /* EspecialityRequest.swift */ = {isa = PBXFileReference; fileEncoding = 4; lastKnownFileType = sourcecode.swift; path = EspecialityRequest.swift; sourceTree = "<group>"; };
		2C9D0A431E6E5A530095A1FB /* EspecCollectionViewContainerCell.swift */ = {isa = PBXFileReference; fileEncoding = 4; lastKnownFileType = sourcecode.swift; path = EspecCollectionViewContainerCell.swift; sourceTree = "<group>"; };
		2C9D0A451E6E5A6C0095A1FB /* HomeSpecCell.swift */ = {isa = PBXFileReference; fileEncoding = 4; lastKnownFileType = sourcecode.swift; path = HomeSpecCell.swift; sourceTree = "<group>"; };
		2C9D0A471E6E5A810095A1FB /* HomeSpecCell.xib */ = {isa = PBXFileReference; fileEncoding = 4; lastKnownFileType = file.xib; path = HomeSpecCell.xib; sourceTree = "<group>"; };
		2C9D0A4A1E6FA0C40095A1FB /* MidiaPromotion.swift */ = {isa = PBXFileReference; fileEncoding = 4; lastKnownFileType = sourcecode.swift; path = MidiaPromotion.swift; sourceTree = "<group>"; };
		2C9D0A4C1E6FA6370095A1FB /* EspecialitiesController.storyboard */ = {isa = PBXFileReference; fileEncoding = 4; lastKnownFileType = file.storyboard; path = EspecialitiesController.storyboard; sourceTree = "<group>"; };
		2C9D0A541E6FA8170095A1FB /* Base */ = {isa = PBXFileReference; lastKnownFileType = file.storyboard; name = Base; path = Base.lproj/Home.storyboard; sourceTree = "<group>"; };
		2C9D0A571E6FA9140095A1FB /* EspecialitiesController.swift */ = {isa = PBXFileReference; fileEncoding = 4; lastKnownFileType = sourcecode.swift; path = EspecialitiesController.swift; sourceTree = "<group>"; };
		2C9D0A591E70F87C0095A1FB /* EspecialitiesViewModel.swift */ = {isa = PBXFileReference; fileEncoding = 4; lastKnownFileType = sourcecode.swift; path = EspecialitiesViewModel.swift; sourceTree = "<group>"; };
		2C9D0A601E78DF660095A1FB /* HeaderCell.swift */ = {isa = PBXFileReference; fileEncoding = 4; lastKnownFileType = sourcecode.swift; path = HeaderCell.swift; sourceTree = "<group>"; };
		2CA9139C1E5F9B3B00E1411F /* UIView+Extensions.swift */ = {isa = PBXFileReference; fileEncoding = 4; lastKnownFileType = sourcecode.swift; path = "UIView+Extensions.swift"; sourceTree = "<group>"; };
		2CA9139E1E5F9D8F00E1411F /* HomeCatalogCollectionViewCell.swift */ = {isa = PBXFileReference; fileEncoding = 4; lastKnownFileType = sourcecode.swift; path = HomeCatalogCollectionViewCell.swift; sourceTree = "<group>"; };
		2CA913A01E5F9E3700E1411F /* UICollectionViewCell+Extensions.swift */ = {isa = PBXFileReference; fileEncoding = 4; lastKnownFileType = sourcecode.swift; path = "UICollectionViewCell+Extensions.swift"; sourceTree = "<group>"; };
		2CA913A21E5FA07A00E1411F /* Array+Extensions.swift */ = {isa = PBXFileReference; fileEncoding = 4; lastKnownFileType = sourcecode.swift; path = "Array+Extensions.swift"; sourceTree = "<group>"; };
		2CBDC0671E870C0D00D49955 /* LoginViewModel.swift */ = {isa = PBXFileReference; fileEncoding = 4; lastKnownFileType = sourcecode.swift; path = LoginViewModel.swift; sourceTree = "<group>"; };
		2CBDC0691E870D4200D49955 /* ValidatesPassword.swift */ = {isa = PBXFileReference; fileEncoding = 4; lastKnownFileType = sourcecode.swift; path = ValidatesPassword.swift; sourceTree = "<group>"; };
		2CBDC06B1E870D5700D49955 /* ValidatesEmail.swift */ = {isa = PBXFileReference; fileEncoding = 4; lastKnownFileType = sourcecode.swift; path = ValidatesEmail.swift; sourceTree = "<group>"; };
		2CDC58A21E8E0275003C28EC /* UserRequests.swift */ = {isa = PBXFileReference; fileEncoding = 4; lastKnownFileType = sourcecode.swift; path = UserRequests.swift; sourceTree = "<group>"; };
		2CDC58A41E8E029F003C28EC /* User.swift */ = {isa = PBXFileReference; fileEncoding = 4; lastKnownFileType = sourcecode.swift; path = User.swift; sourceTree = "<group>"; };
		2CDC58A71E916BCE003C28EC /* Base */ = {isa = PBXFileReference; lastKnownFileType = file.storyboard; name = Base; path = Base.lproj/Search.storyboard; sourceTree = "<group>"; };
		2CDC58AA1E91711D003C28EC /* TabBarController.swift */ = {isa = PBXFileReference; fileEncoding = 4; lastKnownFileType = sourcecode.swift; path = TabBarController.swift; sourceTree = "<group>"; };
		2CDC58AC1E917A7E003C28EC /* SearchViewModel.swift */ = {isa = PBXFileReference; fileEncoding = 4; lastKnownFileType = sourcecode.swift; path = SearchViewModel.swift; sourceTree = "<group>"; };
		2CDC58AF1E9334C3003C28EC /* Cart.swift */ = {isa = PBXFileReference; fileEncoding = 4; lastKnownFileType = sourcecode.swift; path = Cart.swift; sourceTree = "<group>"; };
		2CDC58B11E9334F8003C28EC /* CartItem.swift */ = {isa = PBXFileReference; fileEncoding = 4; lastKnownFileType = sourcecode.swift; path = CartItem.swift; sourceTree = "<group>"; };
		2CDC58B31E933650003C28EC /* CreditCard.swift */ = {isa = PBXFileReference; fileEncoding = 4; lastKnownFileType = sourcecode.swift; path = CreditCard.swift; sourceTree = "<group>"; };
		2CDC58B51E933BC6003C28EC /* CartPersister.swift */ = {isa = PBXFileReference; fileEncoding = 4; lastKnownFileType = sourcecode.swift; path = CartPersister.swift; sourceTree = "<group>"; };
		2CDC58B71E933CBC003C28EC /* CheckoutRequest.swift */ = {isa = PBXFileReference; fileEncoding = 4; lastKnownFileType = sourcecode.swift; path = CheckoutRequest.swift; sourceTree = "<group>"; };
		2CDC58B91E933E86003C28EC /* CheckoutResponse.swift */ = {isa = PBXFileReference; fileEncoding = 4; lastKnownFileType = sourcecode.swift; path = CheckoutResponse.swift; sourceTree = "<group>"; };
		2CF186C11E5D228F008029B3 /* String+Extensions.swift */ = {isa = PBXFileReference; fileEncoding = 4; lastKnownFileType = sourcecode.swift; path = "String+Extensions.swift"; sourceTree = "<group>"; };
		2CF186C31E5D2502008029B3 /* Dictionary+Extensions.swift */ = {isa = PBXFileReference; fileEncoding = 4; lastKnownFileType = sourcecode.swift; path = "Dictionary+Extensions.swift"; sourceTree = "<group>"; };
		2CF186C51E5D25F1008029B3 /* HomeViewController.swift */ = {isa = PBXFileReference; fileEncoding = 4; lastKnownFileType = sourcecode.swift; path = HomeViewController.swift; sourceTree = "<group>"; };
		2CF186C71E5D25F9008029B3 /* HomeViewModel.swift */ = {isa = PBXFileReference; fileEncoding = 4; lastKnownFileType = sourcecode.swift; path = HomeViewModel.swift; sourceTree = "<group>"; };
		2CF186CB1E5D26D3008029B3 /* NewReleasesRequest.swift */ = {isa = PBXFileReference; fileEncoding = 4; lastKnownFileType = sourcecode.swift; path = NewReleasesRequest.swift; sourceTree = "<group>"; };
		2CF186CF1E5D2822008029B3 /* Releases.swift */ = {isa = PBXFileReference; fileEncoding = 4; lastKnownFileType = sourcecode.swift; path = Releases.swift; sourceTree = "<group>"; };
		2CF186D11E5D3802008029B3 /* BaseRequest.swift */ = {isa = PBXFileReference; fileEncoding = 4; lastKnownFileType = sourcecode.swift; path = BaseRequest.swift; sourceTree = "<group>"; };
		2CF186D31E5D3802008029B3 /* ErrorTypeApp.swift */ = {isa = PBXFileReference; fileEncoding = 4; lastKnownFileType = sourcecode.swift; path = ErrorTypeApp.swift; sourceTree = "<group>"; };
		2CF186D81E5D3802008029B3 /* RequestParser.swift */ = {isa = PBXFileReference; fileEncoding = 4; lastKnownFileType = sourcecode.swift; path = RequestParser.swift; sourceTree = "<group>"; };
		2CF186D91E5D3802008029B3 /* RequestResponseParse.swift */ = {isa = PBXFileReference; fileEncoding = 4; lastKnownFileType = sourcecode.swift; path = RequestResponseParse.swift; sourceTree = "<group>"; };
		2CF186E51E5F7246008029B3 /* LoadingOverlay.swift */ = {isa = PBXFileReference; fileEncoding = 4; lastKnownFileType = sourcecode.swift; path = LoadingOverlay.swift; sourceTree = "<group>"; };
		3F19C9CD962AF5EF92772D1C /* Pods-TVMedTests.release.xcconfig */ = {isa = PBXFileReference; includeInIndex = 1; lastKnownFileType = text.xcconfig; name = "Pods-TVMedTests.release.xcconfig"; path = "Pods/Target Support Files/Pods-TVMedTests/Pods-TVMedTests.release.xcconfig"; sourceTree = "<group>"; };
		44929E1F0033078723D1C241 /* Pods-TVMed.release.xcconfig */ = {isa = PBXFileReference; includeInIndex = 1; lastKnownFileType = text.xcconfig; name = "Pods-TVMed.release.xcconfig"; path = "Pods/Target Support Files/Pods-TVMed/Pods-TVMed.release.xcconfig"; sourceTree = "<group>"; };
		684FE61E82A70E197AA0F9EB /* Pods_TVMed.framework */ = {isa = PBXFileReference; explicitFileType = wrapper.framework; includeInIndex = 0; path = Pods_TVMed.framework; sourceTree = BUILT_PRODUCTS_DIR; };
		851C3FF524756B318F702414 /* Pods-TVMedTests.ad-hoc.xcconfig */ = {isa = PBXFileReference; includeInIndex = 1; lastKnownFileType = text.xcconfig; name = "Pods-TVMedTests.ad-hoc.xcconfig"; path = "Pods/Target Support Files/Pods-TVMedTests/Pods-TVMedTests.ad-hoc.xcconfig"; sourceTree = "<group>"; };
		B0FD404313DF79EB14965569 /* Pods_TVMedTests.framework */ = {isa = PBXFileReference; explicitFileType = wrapper.framework; includeInIndex = 0; path = Pods_TVMedTests.framework; sourceTree = BUILT_PRODUCTS_DIR; };
		E44AEDD0C9C624D4E68DBB46 /* Pods-TVMed.ad-hoc.xcconfig */ = {isa = PBXFileReference; includeInIndex = 1; lastKnownFileType = text.xcconfig; name = "Pods-TVMed.ad-hoc.xcconfig"; path = "Pods/Target Support Files/Pods-TVMed/Pods-TVMed.ad-hoc.xcconfig"; sourceTree = "<group>"; };
		E9C12A4E6C3D8976638DEA6B /* Pods-TVMed.debug.xcconfig */ = {isa = PBXFileReference; includeInIndex = 1; lastKnownFileType = text.xcconfig; name = "Pods-TVMed.debug.xcconfig"; path = "Pods/Target Support Files/Pods-TVMed/Pods-TVMed.debug.xcconfig"; sourceTree = "<group>"; };
/* End PBXFileReference section */

/* Begin PBXFrameworksBuildPhase section */
		2C4ABF141E3043F000FA73A2 /* Frameworks */ = {
			isa = PBXFrameworksBuildPhase;
			buildActionMask = 2147483647;
			files = (
				16D107A7F19F9FAAD0C31635 /* Pods_TVMed.framework in Frameworks */,
			);
			runOnlyForDeploymentPostprocessing = 0;
		};
		2C4ABF271E3043F000FA73A2 /* Frameworks */ = {
			isa = PBXFrameworksBuildPhase;
			buildActionMask = 2147483647;
			files = (
				044CED7B88A0F9C6D2CFEF67 /* Pods_TVMedTests.framework in Frameworks */,
			);
			runOnlyForDeploymentPostprocessing = 0;
		};
/* End PBXFrameworksBuildPhase section */

/* Begin PBXGroup section */
		2B4E102C1EA2BBD200B4171A /* Topics */ = {
			isa = PBXGroup;
			children = (
				2B4E102D1EA2BC0700B4171A /* MidiaDetail.swift */,
				2B4E102F1EA2BC4900B4171A /* MidiaTopic.swift */,
				2B4E10311EA2BC7C00B4171A /* MidiaSubTopic.swift */,
			);
			name = Topics;
			sourceTree = "<group>";
		};
		2B4E10331EA2BDEC00B4171A /* Topics */ = {
			isa = PBXGroup;
			children = (
				2B4E10361EA2BE3800B4171A /* TopicsTableViewController.swift */,
				2B4E10381EA2BF5D00B4171A /* TopicsViewModel.swift */,
				2B4E103D1EA2C59100B4171A /* TableViewHeaderCell.swift */,
				2B4E10431EA2CB7000B4171A /* TopicCell.swift */,
				2B10531E1EA6C565005EDD8A /* TopicsContainer.swift */,
			);
			name = Topics;
			sourceTree = "<group>";
		};
		2B4E103A1EA2C4FC00B4171A /* Topics */ = {
			isa = PBXGroup;
			children = (
				2B4E10341EA2BDFE00B4171A /* Topics.storyboard */,
				2B4E103F1EA2C9F100B4171A /* TableViewHeaderCell.xib */,
				2B4E10411EA2CB2B00B4171A /* TopicCell.xib */,
			);
			name = Topics;
			sourceTree = "<group>";
		};
		2B4E10491EA2D28600B4171A /* VideoToken */ = {
			isa = PBXGroup;
			children = (
				2B4E104A1EA2D29000B4171A /* UDID.swift */,
				2B4E104C1EA2D4D600B4171A /* VideoToken.swift */,
			);
			name = VideoToken;
			sourceTree = "<group>";
		};
		2B4E10501EA2DAB200B4171A /* VideoPlayer */ = {
			isa = PBXGroup;
			children = (
				2B4E10511EA2DB0300B4171A /* VideoPlayerController.swift */,
			);
			name = VideoPlayer;
			sourceTree = "<group>";
		};
		2B5D18FD1E9C728400774836 /* MeusDados */ = {
			isa = PBXGroup;
			children = (
				2B5D18FE1E9C729700774836 /* MeusDadosController.swift */,
				2B6CDE271E9C764700439ABE /* MeusDadosViewModel.swift */,
				2B6CDE291E9C7BF000439ABE /* UserDataCell.swift */,
			);
			name = MeusDados;
			sourceTree = "<group>";
		};
		2B6723071E95CF2E00F5EABF /* Carrinho */ = {
			isa = PBXGroup;
			children = (
				2B6723081E95D47200F5EABF /* CartTableViewController.swift */,
				2B67230A1E95D48800F5EABF /* CartViewModel.swift */,
				2B67230F1E95E10D00F5EABF /* CartCell.swift */,
				2B07BEC91E97207B00DB3DF7 /* ResumeCell.swift */,
				2BD401421EA4168500416F90 /* CartContainer.swift */,
			);
			name = Carrinho;
			sourceTree = "<group>";
		};
		2B6AF60C1E9923BD003F6AC3 /* Masks */ = {
			isa = PBXGroup;
			children = (
				2B6AF60D1E9923BD003F6AC3 /* AnnotatedTextField.swift */,
				2B6AF60E1E9923BD003F6AC3 /* CreditCard */,
				2B6AF6131E9923BD003F6AC3 /* CreditCardValidator */,
				2B6AF6161E9923BD003F6AC3 /* Mask.swift */,
				2B6AF61B1E9923BD003F6AC3 /* MaskCEPTextField.swift */,
				2B6AF61E1E9923BD003F6AC3 /* MaskNumberPhoneTextField.swift */,
				2B6AF61F1E9923BD003F6AC3 /* TextFieldMask.swift */,
				2B6AF6201E9923BD003F6AC3 /* ValidationObjects.swift */,
			);
			path = Masks;
			sourceTree = "<group>";
		};
		2B6AF60E1E9923BD003F6AC3 /* CreditCard */ = {
			isa = PBXGroup;
			children = (
				2B6AF60F1E9923BD003F6AC3 /* MaskCreditCardCVCTextField.swift */,
				2B6AF6101E9923BD003F6AC3 /* MaskCreditCardDateValidationTextField.swift */,
				2B6AF6111E9923BD003F6AC3 /* MaskCreditCardTextField.swift */,
				2B6AF6121E9923BD003F6AC3 /* MaskNameTextField.swift */,
			);
			path = CreditCard;
			sourceTree = "<group>";
		};
		2B6AF6131E9923BD003F6AC3 /* CreditCardValidator */ = {
			isa = PBXGroup;
			children = (
				2B6AF6141E9923BD003F6AC3 /* CreditCardValidationType.swift */,
				2B6AF6151E9923BD003F6AC3 /* CreditCardValidator.swift */,
			);
			path = CreditCardValidator;
			sourceTree = "<group>";
		};
		2B6AF6331E992769003F6AC3 /* CreditCard */ = {
			isa = PBXGroup;
			children = (
				2B6AF6341E99277D003F6AC3 /* NewCreditCardViewController.swift */,
				2B6AF6361E992CB2003F6AC3 /* CreditCardsTableViewController.swift */,
				2B6AF63D1E992FDA003F6AC3 /* CreditCardsViewModel.swift */,
				2B6AF63B1E992E4E003F6AC3 /* CardCell.swift */,
				2BB2A2D71EA5A5C700906CE5 /* CreditCardContainer.swift */,
			);
			name = CreditCard;
			sourceTree = "<group>";
		};
		2C0027D11E401EB70020ABA0 /* ThirdParty */ = {
			isa = PBXGroup;
			children = (
				2C0027D21E401F020020ABA0 /* ThirdPartyToolsLoader.swift */,
				2C0027D41E401F1C0020ABA0 /* FabricTool.swift */,
			);
			name = ThirdParty;
			sourceTree = "<group>";
		};
		2C1B4A511E7B82F200DED396 /* CongressDetail */ = {
			isa = PBXGroup;
			children = (
				2C1B4A521E7B830200DED396 /* CongressDetailController.swift */,
				2C1B4A541E7B83F900DED396 /* CongressDetailViewModel.swift */,
				2C1B4A561E7F5AD900DED396 /* CongressDetailCell.swift */,
				2B6AF63F1E9AA100003F6AC3 /* SinopseViewController.swift */,
				2BE70AB51E9F0C8400AF3718 /* CongressCell.swift */,
			);
			name = CongressDetail;
			sourceTree = "<group>";
		};
		2C1B4A5E1E835FE700DED396 /* User */ = {
			isa = PBXGroup;
			children = (
				2C1B4A5F1E835FF600DED396 /* LoginDTO.swift */,
				2C1B4A631E8360A000DED396 /* UserToken.swift */,
				2C1B4A6F1E83674900DED396 /* TokenPersister.swift */,
				2CDC58A41E8E029F003C28EC /* User.swift */,
				2B4E102A1EA118E300B4171A /* RemoteCreditCard.swift */,
			);
			name = User;
			sourceTree = "<group>";
		};
		2C1B4A651E83639D00DED396 /* Realm */ = {
			isa = PBXGroup;
			children = (
				2C1B4A6D1E83666E00DED396 /* RealmPersister.swift */,
				2C1B4A6B1E83659C00DED396 /* KeychainAccess.swift */,
				2C1B4A661E8363A800DED396 /* RealmEncrypted.swift */,
			);
			name = Realm;
			sourceTree = "<group>";
		};
		2C1B4A731E836F3300DED396 /* Login */ = {
			isa = PBXGroup;
			children = (
				2C1B4A741E836F4200DED396 /* LoginViewController.swift */,
				2CBDC0671E870C0D00D49955 /* LoginViewModel.swift */,
			);
			name = Login;
			sourceTree = "<group>";
		};
		2C4ABF0E1E3043F000FA73A2 = {
			isa = PBXGroup;
			children = (
				2C4ABF191E3043F000FA73A2 /* TVMed */,
				2C4ABF2D1E3043F000FA73A2 /* TVMedTests */,
				2C4ABF181E3043F000FA73A2 /* Products */,
				2D5F0B9E25699A539989A390 /* Pods */,
				F7F9736FC674E5CA932AE28B /* Frameworks */,
			);
			sourceTree = "<group>";
		};
		2C4ABF181E3043F000FA73A2 /* Products */ = {
			isa = PBXGroup;
			children = (
				2C4ABF171E3043F000FA73A2 /* TVMed.app */,
				2C4ABF2A1E3043F000FA73A2 /* TVMedTests.xctest */,
			);
			name = Products;
			sourceTree = "<group>";
		};
		2C4ABF191E3043F000FA73A2 /* TVMed */ = {
			isa = PBXGroup;
			children = (
				2C1B4A6A1E83640500DED396 /* TVMed.entitlements */,
				2C1B4A651E83639D00DED396 /* Realm */,
				2CF186E41E5F7212008029B3 /* GeneralViews */,
				2CF186CD1E5D27E8008029B3 /* Models */,
				2CF186C01E5D2282008029B3 /* Extensions */,
				2C9FBD851E5D1C9200F31EE1 /* Networking */,
				2C4F5FE61E40248700754DBB /* SupportingFiles */,
				2C4F5FDD1E4021EF00754DBB /* ViewControllers */,
				2C0027D11E401EB70020ABA0 /* ThirdParty */,
				2C6E13C61E3C260500ADA742 /* Storyboards */,
				2C4ABF1A1E3043F000FA73A2 /* AppDelegate.swift */,
			);
			path = TVMed;
			sourceTree = "<group>";
		};
		2C4ABF2D1E3043F000FA73A2 /* TVMedTests */ = {
			isa = PBXGroup;
			children = (
				2C4ABF2E1E3043F000FA73A2 /* TVMedTests.swift */,
				2C4ABF301E3043F000FA73A2 /* Info.plist */,
			);
			path = TVMedTests;
			sourceTree = "<group>";
		};
		2C4F5FDD1E4021EF00754DBB /* ViewControllers */ = {
			isa = PBXGroup;
			children = (
				2B4E10501EA2DAB200B4171A /* VideoPlayer */,
				2B4E10331EA2BDEC00B4171A /* Topics */,
				2B5D18FD1E9C728400774836 /* MeusDados */,
				2B6AF6331E992769003F6AC3 /* CreditCard */,
				2B6723071E95CF2E00F5EABF /* Carrinho */,
				2CDC58A91E9170E2003C28EC /* TabBar */,
				2C1B4A731E836F3300DED396 /* Login */,
				2C1B4A511E7B82F200DED396 /* CongressDetail */,
				2C9D0A561E6FA8FB0095A1FB /* EspecialitiesController */,
				2C4F5FE51E4022FF00754DBB /* MeusProdutos */,
				2C4F5FDF1E4021FC00754DBB /* Search */,
				2C4F5FDE1E4021F800754DBB /* Home */,
			);
			name = ViewControllers;
			sourceTree = "<group>";
		};
		2C4F5FDE1E4021F800754DBB /* Home */ = {
			isa = PBXGroup;
			children = (
				2CA913971E5F9A9000E1411F /* Cells */,
				2CF186C51E5D25F1008029B3 /* HomeViewController.swift */,
				2CF186C71E5D25F9008029B3 /* HomeViewModel.swift */,
				2C7C53301E5F7FEE0026380C /* HomeSections.swift */,
			);
			name = Home;
			sourceTree = "<group>";
		};
		2C4F5FDF1E4021FC00754DBB /* Search */ = {
			isa = PBXGroup;
			children = (
				2C4F5FE11E40222800754DBB /* SearchViewController.swift */,
				2CDC58AC1E917A7E003C28EC /* SearchViewModel.swift */,
			);
			name = Search;
			sourceTree = "<group>";
		};
		2C4F5FE51E4022FF00754DBB /* MeusProdutos */ = {
			isa = PBXGroup;
			children = (
				2C1F9FCB1E88B380000B0466 /* MeusProdutosViewController.swift */,
				2C76515A1E8A0A2A003D5D34 /* MeusProdutosViewModel.swift */,
				2C01A1361E8C8E9D00C8A342 /* OrdersContainerCell.swift */,
				2C01A13A1E8C904000C8A342 /* OrderCell.swift */,
			);
			name = MeusProdutos;
			sourceTree = "<group>";
		};
		2C4F5FE61E40248700754DBB /* SupportingFiles */ = {
			isa = PBXGroup;
			children = (
				2C4ABF231E3043F000FA73A2 /* Assets.xcassets */,
				2C4ABF251E3043F000FA73A2 /* Info.plist */,
			);
			name = SupportingFiles;
			sourceTree = "<group>";
		};
		2C5A994F1E69112100F6E4E9 /* Categorie */ = {
			isa = PBXGroup;
			children = (
				2C5A99491E6790B700F6E4E9 /* HomeCategoryCell.swift */,
				2C5A994D1E6910AF00F6E4E9 /* CategorieContainerCell.swift */,
			);
			name = Categorie;
			sourceTree = "<group>";
		};
		2C5A99501E69112B00F6E4E9 /* Releases */ = {
			isa = PBXGroup;
			children = (
				2CA9139E1E5F9D8F00E1411F /* HomeCatalogCollectionViewCell.swift */,
				2C5A994B1E690A7500F6E4E9 /* CollectionViewContainerCell.swift */,
			);
			name = Releases;
			sourceTree = "<group>";
		};
		2C6321681ECD2CEE00F537F0 /* WorkStatus */ = {
			isa = PBXGroup;
			children = (
				2C6321691ECD2CF800F537F0 /* WorkResult.swift */,
			);
			name = WorkStatus;
			sourceTree = "<group>";
		};
		2C6E13C61E3C260500ADA742 /* Storyboards */ = {
			isa = PBXGroup;
			children = (
				2B4E103A1EA2C4FC00B4171A /* Topics */,
				2C7C53321E5F89680026380C /* HomeComponents */,
				2C4ABF201E3043F000FA73A2 /* Main.storyboard */,
				2B4E10531EA2E09A00B4171A /* MeusDados.storyboard */,
				2B67230C1E95D5CB00F5EABF /* Cart.storyboard */,
				2CDC58A61E916BCE003C28EC /* Search.storyboard */,
				2C01A1331E8A113000C8A342 /* Orders.storyboard */,
				2C9D0A531E6FA8170095A1FB /* Home.storyboard */,
				2C9D0A4C1E6FA6370095A1FB /* EspecialitiesController.storyboard */,
				2C1B4A4F1E7B7DD600DED396 /* CongressoDetail.storyboard */,
				2C1B4A711E836E0E00DED396 /* Login.storyboard */,
				2C01A1381E8C902700C8A342 /* OrderCell.xib */,
				2B6AF6091E9859F7003F6AC3 /* NewCard.storyboard */,
				2B6AF6381E992D09003F6AC3 /* CreditCards.storyboard */,
				2BE70AB31E9F0BA200AF3718 /* CongressCell.xib */,
				2B4E10281E9F1B3F00B4171A /* ModalTextView.storyboard */,
				2B4E104E1EA2DA9F00B4171A /* Video.storyboard */,
			);
			name = Storyboards;
			sourceTree = "<group>";
		};
		2C7C532D1E5F7F470026380C /* Categorie */ = {
			isa = PBXGroup;
			children = (
				2C7C532E1E5F7F5D0026380C /* Categorie.swift */,
			);
			name = Categorie;
			sourceTree = "<group>";
		};
		2C7C53321E5F89680026380C /* HomeComponents */ = {
			isa = PBXGroup;
			children = (
				2C7C53361E5F8AF70026380C /* HomeCatalogCollectionViewCell.xib */,
				2C5A99471E67904C00F6E4E9 /* HomeCategoryCell.xib */,
				2C9D0A471E6E5A810095A1FB /* HomeSpecCell.xib */,
			);
			name = HomeComponents;
			sourceTree = "<group>";
		};
		2C9D0A3D1E6E56C20095A1FB /* Especiality */ = {
			isa = PBXGroup;
			children = (
				2C9D0A3E1E6E56E40095A1FB /* Especiality.swift */,
			);
			name = Especiality;
			sourceTree = "<group>";
		};
		2C9D0A421E6E58A40095A1FB /* Especiality */ = {
			isa = PBXGroup;
			children = (
				2C9D0A431E6E5A530095A1FB /* EspecCollectionViewContainerCell.swift */,
				2C9D0A451E6E5A6C0095A1FB /* HomeSpecCell.swift */,
			);
			name = Especiality;
			sourceTree = "<group>";
		};
		2C9D0A491E6FA09C0095A1FB /* MidiaPromotion */ = {
			isa = PBXGroup;
			children = (
				2C9D0A4A1E6FA0C40095A1FB /* MidiaPromotion.swift */,
			);
			name = MidiaPromotion;
			sourceTree = "<group>";
		};
		2C9D0A561E6FA8FB0095A1FB /* EspecialitiesController */ = {
			isa = PBXGroup;
			children = (
				2C9D0A571E6FA9140095A1FB /* EspecialitiesController.swift */,
				2C9D0A591E70F87C0095A1FB /* EspecialitiesViewModel.swift */,
			);
			name = EspecialitiesController;
			sourceTree = "<group>";
		};
		2C9FBD851E5D1C9200F31EE1 /* Networking */ = {
			isa = PBXGroup;
			children = (
				2CF186E31E5D3845008029B3 /* Core */,
				2CF186CA1E5D26B5008029B3 /* Requests */,
			);
			path = Networking;
			sourceTree = "<group>";
		};
		2CA913971E5F9A9000E1411F /* Cells */ = {
			isa = PBXGroup;
			children = (
				2C9D0A421E6E58A40095A1FB /* Especiality */,
				2C5A99501E69112B00F6E4E9 /* Releases */,
				2C5A994F1E69112100F6E4E9 /* Categorie */,
				2C9D0A601E78DF660095A1FB /* HeaderCell.swift */,
			);
			name = Cells;
			sourceTree = "<group>";
		};
		2CDC58A91E9170E2003C28EC /* TabBar */ = {
			isa = PBXGroup;
			children = (
				2CDC58AA1E91711D003C28EC /* TabBarController.swift */,
			);
			name = TabBar;
			sourceTree = "<group>";
		};
		2CDC58AE1E9334B3003C28EC /* Cart */ = {
			isa = PBXGroup;
			children = (
				2CDC58AF1E9334C3003C28EC /* Cart.swift */,
				2CDC58B11E9334F8003C28EC /* CartItem.swift */,
				2CDC58B31E933650003C28EC /* CreditCard.swift */,
				2CDC58B51E933BC6003C28EC /* CartPersister.swift */,
				2CDC58B91E933E86003C28EC /* CheckoutResponse.swift */,
				2B6AF6071E985773003F6AC3 /* CreditCardPersister.swift */,
			);
			name = Cart;
			sourceTree = "<group>";
		};
		2CF186C01E5D2282008029B3 /* Extensions */ = {
			isa = PBXGroup;
			children = (
				2CF186C11E5D228F008029B3 /* String+Extensions.swift */,
				2CF186C31E5D2502008029B3 /* Dictionary+Extensions.swift */,
				2CA9139C1E5F9B3B00E1411F /* UIView+Extensions.swift */,
				2CA913A01E5F9E3700E1411F /* UICollectionViewCell+Extensions.swift */,
				2CA913A21E5FA07A00E1411F /* Array+Extensions.swift */,
				2C5BE2581E5FA3350038AE0E /* UITableViewCell+Extensions.swift */,
				2C1B4A581E7F66DB00DED396 /* Float+Extension.swift */,
				2C1B4A5A1E7F71EE00DED396 /* UIViewController+Extensions.swift */,
				2CBDC0691E870D4200D49955 /* ValidatesPassword.swift */,
				2CBDC06B1E870D5700D49955 /* ValidatesEmail.swift */,
				2B6723051E94936700F5EABF /* UIalertController+Extensions.swift */,
				2B4E10451EA2CC6F00B4171A /* UIColor+Extensions.swift */,
			);
			name = Extensions;
			sourceTree = "<group>";
		};
		2CF186CA1E5D26B5008029B3 /* Requests */ = {
			isa = PBXGroup;
			children = (
				2CF186CB1E5D26D3008029B3 /* NewReleasesRequest.swift */,
				2C7C532B1E5F7F090026380C /* CategoriesRequest.swift */,
				2C9D0A401E6E585A0095A1FB /* EspecialityRequest.swift */,
				2C1B4A611E83606F00DED396 /* LoginRequest.swift */,
				2C76515C1E8A0B60003D5D34 /* OrdersRequest.swift */,
				2CDC58A21E8E0275003C28EC /* UserRequests.swift */,
				2CDC58B71E933CBC003C28EC /* CheckoutRequest.swift */,
				2B4E10471EA2D19800B4171A /* VideoRequest.swift */,
				2C6321661ECD2AF400F537F0 /* FunctionRequest.swift */,
			);
			name = Requests;
			sourceTree = "<group>";
		};
		2CF186CD1E5D27E8008029B3 /* Models */ = {
			isa = PBXGroup;
			children = (
				2C6321681ECD2CEE00F537F0 /* WorkStatus */,
				2B4E10491EA2D28600B4171A /* VideoToken */,
				2B4E102C1EA2BBD200B4171A /* Topics */,
				2CDC58AE1E9334B3003C28EC /* Cart */,
				2C1B4A5E1E835FE700DED396 /* User */,
				2C9D0A491E6FA09C0095A1FB /* MidiaPromotion */,
				2C9D0A3D1E6E56C20095A1FB /* Especiality */,
				2C7C532D1E5F7F470026380C /* Categorie */,
				2CF186CE1E5D27EC008029B3 /* Releases */,
			);
			name = Models;
			sourceTree = "<group>";
		};
		2CF186CE1E5D27EC008029B3 /* Releases */ = {
			isa = PBXGroup;
			children = (
				2CF186CF1E5D2822008029B3 /* Releases.swift */,
			);
			name = Releases;
			sourceTree = "<group>";
		};
		2CF186E31E5D3845008029B3 /* Core */ = {
			isa = PBXGroup;
			children = (
				2CF186D11E5D3802008029B3 /* BaseRequest.swift */,
				2CF186D31E5D3802008029B3 /* ErrorTypeApp.swift */,
				2CF186D81E5D3802008029B3 /* RequestParser.swift */,
				2CF186D91E5D3802008029B3 /* RequestResponseParse.swift */,
				2C047DBD1E88321400CA39A5 /* HeaderBuilder.swift */,
				2BE70AB11E9DB5CC00AF3718 /* LanguageHeader.swift */,
			);
			name = Core;
			sourceTree = "<group>";
		};
		2CF186E41E5F7212008029B3 /* GeneralViews */ = {
			isa = PBXGroup;
			children = (
				2B6AF60C1E9923BD003F6AC3 /* Masks */,
				2CF186E51E5F7246008029B3 /* LoadingOverlay.swift */,
				2C1B4A5C1E7F742D00DED396 /* FocusedTextView.swift */,
				2BE70AB71E9F186B00AF3718 /* FocusTextView.swift */,
			);
			name = GeneralViews;
			sourceTree = "<group>";
		};
		2D5F0B9E25699A539989A390 /* Pods */ = {
			isa = PBXGroup;
			children = (
				E9C12A4E6C3D8976638DEA6B /* Pods-TVMed.debug.xcconfig */,
				44929E1F0033078723D1C241 /* Pods-TVMed.release.xcconfig */,
				0968D6E8E29EED2CB47A1D76 /* Pods-TVMedTests.debug.xcconfig */,
				3F19C9CD962AF5EF92772D1C /* Pods-TVMedTests.release.xcconfig */,
				E44AEDD0C9C624D4E68DBB46 /* Pods-TVMed.ad-hoc.xcconfig */,
				851C3FF524756B318F702414 /* Pods-TVMedTests.ad-hoc.xcconfig */,
			);
			name = Pods;
			sourceTree = "<group>";
		};
		F7F9736FC674E5CA932AE28B /* Frameworks */ = {
			isa = PBXGroup;
			children = (
				684FE61E82A70E197AA0F9EB /* Pods_TVMed.framework */,
				B0FD404313DF79EB14965569 /* Pods_TVMedTests.framework */,
			);
			name = Frameworks;
			sourceTree = "<group>";
		};
/* End PBXGroup section */

/* Begin PBXNativeTarget section */
		2C4ABF161E3043F000FA73A2 /* TVMed */ = {
			isa = PBXNativeTarget;
			buildConfigurationList = 2C4ABF331E3043F000FA73A2 /* Build configuration list for PBXNativeTarget "TVMed" */;
			buildPhases = (
				44713E58DBE0C0689F6C0EE1 /* [CP] Check Pods Manifest.lock */,
				2C4ABF131E3043F000FA73A2 /* Sources */,
				2C4ABF141E3043F000FA73A2 /* Frameworks */,
				2C4ABF151E3043F000FA73A2 /* Resources */,
				FC62BB2CF653F1B38ECF61B9 /* [CP] Embed Pods Frameworks */,
				23C6032A61A83931AEDB0BF0 /* [CP] Copy Pods Resources */,
				2C0027D01E401E950020ABA0 /* Crashlytics */,
			);
			buildRules = (
			);
			dependencies = (
			);
			name = TVMed;
			productName = TVMed;
			productReference = 2C4ABF171E3043F000FA73A2 /* TVMed.app */;
			productType = "com.apple.product-type.application";
		};
		2C4ABF291E3043F000FA73A2 /* TVMedTests */ = {
			isa = PBXNativeTarget;
			buildConfigurationList = 2C4ABF361E3043F000FA73A2 /* Build configuration list for PBXNativeTarget "TVMedTests" */;
			buildPhases = (
				8DD49C9BF847A33715F6D5EF /* [CP] Check Pods Manifest.lock */,
				2C4ABF261E3043F000FA73A2 /* Sources */,
				2C4ABF271E3043F000FA73A2 /* Frameworks */,
				2C4ABF281E3043F000FA73A2 /* Resources */,
				80F9D9CBDF7F122C3B4E3FE7 /* [CP] Embed Pods Frameworks */,
				A79E0C0377B45BEC5FF4AE13 /* [CP] Copy Pods Resources */,
			);
			buildRules = (
			);
			dependencies = (
				2C4ABF2C1E3043F000FA73A2 /* PBXTargetDependency */,
			);
			name = TVMedTests;
			productName = TVMedTests;
			productReference = 2C4ABF2A1E3043F000FA73A2 /* TVMedTests.xctest */;
			productType = "com.apple.product-type.bundle.unit-test";
		};
/* End PBXNativeTarget section */

/* Begin PBXProject section */
		2C4ABF0F1E3043F000FA73A2 /* Project object */ = {
			isa = PBXProject;
			attributes = {
				LastSwiftUpdateCheck = 0820;
				LastUpgradeCheck = 0820;
				ORGANIZATIONNAME = tvMed;
				TargetAttributes = {
					2C4ABF161E3043F000FA73A2 = {
						CreatedOnToolsVersion = 8.2.1;
						DevelopmentTeam = 4G9D79YJ76;
						ProvisioningStyle = Manual;
						SystemCapabilities = {
							com.apple.ApplicationGroups.iOS = {
								enabled = 1;
							};
							com.apple.Keychain = {
								enabled = 1;
							};
						};
					};
					2C4ABF291E3043F000FA73A2 = {
						CreatedOnToolsVersion = 8.2.1;
						DevelopmentTeam = 4G9D79YJ76;
						ProvisioningStyle = Automatic;
						TestTargetID = 2C4ABF161E3043F000FA73A2;
					};
				};
			};
			buildConfigurationList = 2C4ABF121E3043F000FA73A2 /* Build configuration list for PBXProject "TVMed" */;
			compatibilityVersion = "Xcode 3.2";
			developmentRegion = English;
			hasScannedForEncodings = 0;
			knownRegions = (
				en,
				Base,
			);
			mainGroup = 2C4ABF0E1E3043F000FA73A2;
			productRefGroup = 2C4ABF181E3043F000FA73A2 /* Products */;
			projectDirPath = "";
			projectRoot = "";
			targets = (
				2C4ABF161E3043F000FA73A2 /* TVMed */,
				2C4ABF291E3043F000FA73A2 /* TVMedTests */,
			);
		};
/* End PBXProject section */

/* Begin PBXResourcesBuildPhase section */
		2C4ABF151E3043F000FA73A2 /* Resources */ = {
			isa = PBXResourcesBuildPhase;
			buildActionMask = 2147483647;
			files = (
				2C9D0A551E6FA8170095A1FB /* Home.storyboard in Resources */,
				2C5A99481E67904C00F6E4E9 /* HomeCategoryCell.xib in Resources */,
				2B67230E1E95D5CB00F5EABF /* Cart.storyboard in Resources */,
				2C4ABF241E3043F000FA73A2 /* Assets.xcassets in Resources */,
				2C4ABF221E3043F000FA73A2 /* Main.storyboard in Resources */,
				2B4E104F1EA2DA9F00B4171A /* Video.storyboard in Resources */,
				2B4E10541EA2E09A00B4171A /* MeusDados.storyboard in Resources */,
				2C01A1351E8A113000C8A342 /* Orders.storyboard in Resources */,
				2C9D0A4D1E6FA6370095A1FB /* EspecialitiesController.storyboard in Resources */,
				2B4E10401EA2C9F100B4171A /* TableViewHeaderCell.xib in Resources */,
				2B6AF63A1E992D09003F6AC3 /* CreditCards.storyboard in Resources */,
				2B6AF60B1E9859F7003F6AC3 /* NewCard.storyboard in Resources */,
				2C7C53371E5F8AF70026380C /* HomeCatalogCollectionViewCell.xib in Resources */,
				2C9D0A481E6E5A810095A1FB /* HomeSpecCell.xib in Resources */,
				2C1B4A501E7B7DD600DED396 /* CongressoDetail.storyboard in Resources */,
				2C1B4A721E836E0E00DED396 /* Login.storyboard in Resources */,
				2CDC58A81E916BCE003C28EC /* Search.storyboard in Resources */,
				2C01A1391E8C902700C8A342 /* OrderCell.xib in Resources */,
				2B4E10421EA2CB2B00B4171A /* TopicCell.xib in Resources */,
				2B4E10291E9F1B3F00B4171A /* ModalTextView.storyboard in Resources */,
				2B4E10351EA2BDFE00B4171A /* Topics.storyboard in Resources */,
				2BE70AB41E9F0BA200AF3718 /* CongressCell.xib in Resources */,
			);
			runOnlyForDeploymentPostprocessing = 0;
		};
		2C4ABF281E3043F000FA73A2 /* Resources */ = {
			isa = PBXResourcesBuildPhase;
			buildActionMask = 2147483647;
			files = (
			);
			runOnlyForDeploymentPostprocessing = 0;
		};
/* End PBXResourcesBuildPhase section */

/* Begin PBXShellScriptBuildPhase section */
		23C6032A61A83931AEDB0BF0 /* [CP] Copy Pods Resources */ = {
			isa = PBXShellScriptBuildPhase;
			buildActionMask = 2147483647;
			files = (
			);
			inputPaths = (
			);
			name = "[CP] Copy Pods Resources";
			outputPaths = (
			);
			runOnlyForDeploymentPostprocessing = 0;
			shellPath = /bin/sh;
			shellScript = "\"${SRCROOT}/Pods/Target Support Files/Pods-TVMed/Pods-TVMed-resources.sh\"\n";
			showEnvVarsInLog = 0;
		};
		2C0027D01E401E950020ABA0 /* Crashlytics */ = {
			isa = PBXShellScriptBuildPhase;
			buildActionMask = 2147483647;
			files = (
			);
			inputPaths = (
			);
			name = Crashlytics;
			outputPaths = (
			);
			runOnlyForDeploymentPostprocessing = 0;
			shellPath = /bin/sh;
			shellScript = "\"${PODS_ROOT}/Fabric/run\" 7974d9af7a4b25714395ebb857d4533f31d2e295 c0c63d540c4f021093a128d6e6e79264a5fffe9b8dd6ec2eb06b73c151836223";
		};
		44713E58DBE0C0689F6C0EE1 /* [CP] Check Pods Manifest.lock */ = {
			isa = PBXShellScriptBuildPhase;
			buildActionMask = 2147483647;
			files = (
			);
			inputPaths = (
			);
			name = "[CP] Check Pods Manifest.lock";
			outputPaths = (
			);
			runOnlyForDeploymentPostprocessing = 0;
			shellPath = /bin/sh;
			shellScript = "diff \"${PODS_ROOT}/../Podfile.lock\" \"${PODS_ROOT}/Manifest.lock\" > /dev/null\nif [ $? != 0 ] ; then\n    # print error to STDERR\n    echo \"error: The sandbox is not in sync with the Podfile.lock. Run 'pod install' or update your CocoaPods installation.\" >&2\n    exit 1\nfi\n";
			showEnvVarsInLog = 0;
		};
		80F9D9CBDF7F122C3B4E3FE7 /* [CP] Embed Pods Frameworks */ = {
			isa = PBXShellScriptBuildPhase;
			buildActionMask = 2147483647;
			files = (
			);
			inputPaths = (
			);
			name = "[CP] Embed Pods Frameworks";
			outputPaths = (
			);
			runOnlyForDeploymentPostprocessing = 0;
			shellPath = /bin/sh;
			shellScript = "\"${SRCROOT}/Pods/Target Support Files/Pods-TVMedTests/Pods-TVMedTests-frameworks.sh\"\n";
			showEnvVarsInLog = 0;
		};
		8DD49C9BF847A33715F6D5EF /* [CP] Check Pods Manifest.lock */ = {
			isa = PBXShellScriptBuildPhase;
			buildActionMask = 2147483647;
			files = (
			);
			inputPaths = (
			);
			name = "[CP] Check Pods Manifest.lock";
			outputPaths = (
			);
			runOnlyForDeploymentPostprocessing = 0;
			shellPath = /bin/sh;
			shellScript = "diff \"${PODS_ROOT}/../Podfile.lock\" \"${PODS_ROOT}/Manifest.lock\" > /dev/null\nif [ $? != 0 ] ; then\n    # print error to STDERR\n    echo \"error: The sandbox is not in sync with the Podfile.lock. Run 'pod install' or update your CocoaPods installation.\" >&2\n    exit 1\nfi\n";
			showEnvVarsInLog = 0;
		};
		A79E0C0377B45BEC5FF4AE13 /* [CP] Copy Pods Resources */ = {
			isa = PBXShellScriptBuildPhase;
			buildActionMask = 2147483647;
			files = (
			);
			inputPaths = (
			);
			name = "[CP] Copy Pods Resources";
			outputPaths = (
			);
			runOnlyForDeploymentPostprocessing = 0;
			shellPath = /bin/sh;
			shellScript = "\"${SRCROOT}/Pods/Target Support Files/Pods-TVMedTests/Pods-TVMedTests-resources.sh\"\n";
			showEnvVarsInLog = 0;
		};
		FC62BB2CF653F1B38ECF61B9 /* [CP] Embed Pods Frameworks */ = {
			isa = PBXShellScriptBuildPhase;
			buildActionMask = 2147483647;
			files = (
			);
			inputPaths = (
			);
			name = "[CP] Embed Pods Frameworks";
			outputPaths = (
			);
			runOnlyForDeploymentPostprocessing = 0;
			shellPath = /bin/sh;
			shellScript = "\"${SRCROOT}/Pods/Target Support Files/Pods-TVMed/Pods-TVMed-frameworks.sh\"\n";
			showEnvVarsInLog = 0;
		};
/* End PBXShellScriptBuildPhase section */

/* Begin PBXSourcesBuildPhase section */
		2C4ABF131E3043F000FA73A2 /* Sources */ = {
			isa = PBXSourcesBuildPhase;
			buildActionMask = 2147483647;
			files = (
				2B6AF6211E9923BD003F6AC3 /* AnnotatedTextField.swift in Sources */,
				2CDC58B41E933650003C28EC /* CreditCard.swift in Sources */,
				2C9D0A581E6FA9140095A1FB /* EspecialitiesController.swift in Sources */,
				2C1B4A701E83674900DED396 /* TokenPersister.swift in Sources */,
				2C1B4A5D1E7F742D00DED396 /* FocusedTextView.swift in Sources */,
				2B10531F1EA6C565005EDD8A /* TopicsContainer.swift in Sources */,
				2C6321671ECD2AF400F537F0 /* FunctionRequest.swift in Sources */,
				2B6CDE2A1E9C7BF000439ABE /* UserDataCell.swift in Sources */,
				2C1B4A571E7F5AD900DED396 /* CongressDetailCell.swift in Sources */,
				2C76515B1E8A0A2A003D5D34 /* MeusProdutosViewModel.swift in Sources */,
				2CA9139D1E5F9B3B00E1411F /* UIView+Extensions.swift in Sources */,
				2CA9139F1E5F9D8F00E1411F /* HomeCatalogCollectionViewCell.swift in Sources */,
				2B6723101E95E10D00F5EABF /* CartCell.swift in Sources */,
				2C1B4A551E7B83F900DED396 /* CongressDetailViewModel.swift in Sources */,
				2C1B4A671E8363A800DED396 /* RealmEncrypted.swift in Sources */,
				2CF186C81E5D25F9008029B3 /* HomeViewModel.swift in Sources */,
				2BE70AB81E9F186B00AF3718 /* FocusTextView.swift in Sources */,
				2C7C532C1E5F7F090026380C /* CategoriesRequest.swift in Sources */,
				2C047DBE1E88321400CA39A5 /* HeaderBuilder.swift in Sources */,
				2B4E10441EA2CB7000B4171A /* TopicCell.swift in Sources */,
				2C7C532F1E5F7F5D0026380C /* Categorie.swift in Sources */,
				2CDC58B21E9334F8003C28EC /* CartItem.swift in Sources */,
				2CF186D01E5D2822008029B3 /* Releases.swift in Sources */,
				2B67230B1E95D48800F5EABF /* CartViewModel.swift in Sources */,
				2C7C53311E5F7FEE0026380C /* HomeSections.swift in Sources */,
				2B6CDE281E9C764700439ABE /* MeusDadosViewModel.swift in Sources */,
				2B6AF6401E9AA100003F6AC3 /* SinopseViewController.swift in Sources */,
				2C4F5FE21E40222800754DBB /* SearchViewController.swift in Sources */,
				2BB2A2D81EA5A5C700906CE5 /* CreditCardContainer.swift in Sources */,
				2C1B4A751E836F4200DED396 /* LoginViewController.swift in Sources */,
				2CDC58AD1E917A7E003C28EC /* SearchViewModel.swift in Sources */,
				2C5A994A1E6790B700F6E4E9 /* HomeCategoryCell.swift in Sources */,
				2CF186C41E5D2502008029B3 /* Dictionary+Extensions.swift in Sources */,
				2C9D0A3F1E6E56E40095A1FB /* Especiality.swift in Sources */,
				2B4E10521EA2DB0300B4171A /* VideoPlayerController.swift in Sources */,
				2C9D0A5A1E70F87C0095A1FB /* EspecialitiesViewModel.swift in Sources */,
				2CF186E11E5D3802008029B3 /* RequestParser.swift in Sources */,
				2B4E10391EA2BF5D00B4171A /* TopicsViewModel.swift in Sources */,
				2C9D0A441E6E5A530095A1FB /* EspecCollectionViewContainerCell.swift in Sources */,
				2B6AF6321E9923BD003F6AC3 /* ValidationObjects.swift in Sources */,
				2C9D0A411E6E585A0095A1FB /* EspecialityRequest.swift in Sources */,
				2CF186E21E5D3802008029B3 /* RequestResponseParse.swift in Sources */,
				2CDC58A51E8E029F003C28EC /* User.swift in Sources */,
				2CDC58B61E933BC6003C28EC /* CartPersister.swift in Sources */,
				2C9D0A461E6E5A6C0095A1FB /* HomeSpecCell.swift in Sources */,
				2B4E10321EA2BC7C00B4171A /* MidiaSubTopic.swift in Sources */,
				2B4E102E1EA2BC0700B4171A /* MidiaDetail.swift in Sources */,
				2C0027D51E401F1C0020ABA0 /* FabricTool.swift in Sources */,
				2B6AF6371E992CB2003F6AC3 /* CreditCardsTableViewController.swift in Sources */,
				2C1B4A531E7B830200DED396 /* CongressDetailController.swift in Sources */,
				2B4E10461EA2CC6F00B4171A /* UIColor+Extensions.swift in Sources */,
				2CA913A11E5F9E3700E1411F /* UICollectionViewCell+Extensions.swift in Sources */,
				2CBDC06C1E870D5700D49955 /* ValidatesEmail.swift in Sources */,
				2B6AF6281E9923BD003F6AC3 /* Mask.swift in Sources */,
				2B6AF62D1E9923BD003F6AC3 /* MaskCEPTextField.swift in Sources */,
				2B4E104B1EA2D29000B4171A /* UDID.swift in Sources */,
				2BD401431EA4168500416F90 /* CartContainer.swift in Sources */,
				2C1B4A6E1E83666E00DED396 /* RealmPersister.swift in Sources */,
				2CDC58B01E9334C3003C28EC /* Cart.swift in Sources */,
				2B6723091E95D47200F5EABF /* CartTableViewController.swift in Sources */,
				2B6AF6081E985773003F6AC3 /* CreditCardPersister.swift in Sources */,
				2B6AF6301E9923BD003F6AC3 /* MaskNumberPhoneTextField.swift in Sources */,
				2CF186CC1E5D26D3008029B3 /* NewReleasesRequest.swift in Sources */,
				2CDC58AB1E91711D003C28EC /* TabBarController.swift in Sources */,
				2CBDC06A1E870D4200D49955 /* ValidatesPassword.swift in Sources */,
				2C63216A1ECD2CF800F537F0 /* WorkResult.swift in Sources */,
				2CF186E61E5F7246008029B3 /* LoadingOverlay.swift in Sources */,
				2B6AF63C1E992E4E003F6AC3 /* CardCell.swift in Sources */,
				2CF186DA1E5D3802008029B3 /* BaseRequest.swift in Sources */,
				2C1B4A641E8360A000DED396 /* UserToken.swift in Sources */,
				2B4E10371EA2BE3800B4171A /* TopicsTableViewController.swift in Sources */,
				2BE70AB61E9F0C8400AF3718 /* CongressCell.swift in Sources */,
				2C1B4A591E7F66DB00DED396 /* Float+Extension.swift in Sources */,
				2B4E10301EA2BC4900B4171A /* MidiaTopic.swift in Sources */,
				2B5D18FF1E9C729700774836 /* MeusDadosController.swift in Sources */,
				2C1B4A6C1E83659C00DED396 /* KeychainAccess.swift in Sources */,
				2C01A1371E8C8E9D00C8A342 /* OrdersContainerCell.swift in Sources */,
				2C9D0A4B1E6FA0C40095A1FB /* MidiaPromotion.swift in Sources */,
				2C1B4A601E835FF600DED396 /* LoginDTO.swift in Sources */,
				2C1B4A5B1E7F71EE00DED396 /* UIViewController+Extensions.swift in Sources */,
				2B4E10481EA2D19800B4171A /* VideoRequest.swift in Sources */,
				2B6AF6251E9923BD003F6AC3 /* MaskNameTextField.swift in Sources */,
				2CDC58B81E933CBC003C28EC /* CheckoutRequest.swift in Sources */,
				2B6AF6351E99277D003F6AC3 /* NewCreditCardViewController.swift in Sources */,
				2CBDC0681E870C0D00D49955 /* LoginViewModel.swift in Sources */,
				2BE70AB21E9DB5CC00AF3718 /* LanguageHeader.swift in Sources */,
				2C5A994C1E690A7500F6E4E9 /* CollectionViewContainerCell.swift in Sources */,
				2B6AF6261E9923BD003F6AC3 /* CreditCardValidationType.swift in Sources */,
				2CDC58BA1E933E86003C28EC /* CheckoutResponse.swift in Sources */,
				2CF186C21E5D228F008029B3 /* String+Extensions.swift in Sources */,
				2B6723061E94936700F5EABF /* UIalertController+Extensions.swift in Sources */,
				2C1B4A621E83606F00DED396 /* LoginRequest.swift in Sources */,
				2B6AF6271E9923BD003F6AC3 /* CreditCardValidator.swift in Sources */,
				2B4E104D1EA2D4D600B4171A /* VideoToken.swift in Sources */,
				2B6AF6311E9923BD003F6AC3 /* TextFieldMask.swift in Sources */,
				2C01A13B1E8C904000C8A342 /* OrderCell.swift in Sources */,
				2CA913A31E5FA07A00E1411F /* Array+Extensions.swift in Sources */,
				2B6AF6221E9923BD003F6AC3 /* MaskCreditCardCVCTextField.swift in Sources */,
				2CF186DC1E5D3802008029B3 /* ErrorTypeApp.swift in Sources */,
				2B6AF6231E9923BD003F6AC3 /* MaskCreditCardDateValidationTextField.swift in Sources */,
				2C5A994E1E6910AF00F6E4E9 /* CategorieContainerCell.swift in Sources */,
				2CDC58A31E8E0275003C28EC /* UserRequests.swift in Sources */,
				2CF186C61E5D25F1008029B3 /* HomeViewController.swift in Sources */,
				2B6AF6241E9923BD003F6AC3 /* MaskCreditCardTextField.swift in Sources */,
				2C1F9FCC1E88B380000B0466 /* MeusProdutosViewController.swift in Sources */,
				2C76515D1E8A0B60003D5D34 /* OrdersRequest.swift in Sources */,
				2B6AF63E1E992FDA003F6AC3 /* CreditCardsViewModel.swift in Sources */,
				2C0027D31E401F020020ABA0 /* ThirdPartyToolsLoader.swift in Sources */,
				2B4E102B1EA118E300B4171A /* RemoteCreditCard.swift in Sources */,
				2B07BECA1E97207B00DB3DF7 /* ResumeCell.swift in Sources */,
				2C5BE2591E5FA3350038AE0E /* UITableViewCell+Extensions.swift in Sources */,
				2C9D0A611E78DF660095A1FB /* HeaderCell.swift in Sources */,
				2C4ABF1B1E3043F000FA73A2 /* AppDelegate.swift in Sources */,
				2B4E103E1EA2C59100B4171A /* TableViewHeaderCell.swift in Sources */,
			);
			runOnlyForDeploymentPostprocessing = 0;
		};
		2C4ABF261E3043F000FA73A2 /* Sources */ = {
			isa = PBXSourcesBuildPhase;
			buildActionMask = 2147483647;
			files = (
				2C4ABF2F1E3043F000FA73A2 /* TVMedTests.swift in Sources */,
			);
			runOnlyForDeploymentPostprocessing = 0;
		};
/* End PBXSourcesBuildPhase section */

/* Begin PBXTargetDependency section */
		2C4ABF2C1E3043F000FA73A2 /* PBXTargetDependency */ = {
			isa = PBXTargetDependency;
			target = 2C4ABF161E3043F000FA73A2 /* TVMed */;
			targetProxy = 2C4ABF2B1E3043F000FA73A2 /* PBXContainerItemProxy */;
		};
/* End PBXTargetDependency section */

/* Begin PBXVariantGroup section */
		2B67230C1E95D5CB00F5EABF /* Cart.storyboard */ = {
			isa = PBXVariantGroup;
			children = (
				2B67230D1E95D5CB00F5EABF /* Base */,
			);
			name = Cart.storyboard;
			sourceTree = "<group>";
		};
		2B6AF6091E9859F7003F6AC3 /* NewCard.storyboard */ = {
			isa = PBXVariantGroup;
			children = (
				2B6AF60A1E9859F7003F6AC3 /* Base */,
			);
			name = NewCard.storyboard;
			sourceTree = "<group>";
		};
		2B6AF6381E992D09003F6AC3 /* CreditCards.storyboard */ = {
			isa = PBXVariantGroup;
			children = (
				2B6AF6391E992D09003F6AC3 /* Base */,
			);
			name = CreditCards.storyboard;
			sourceTree = "<group>";
		};
		2C01A1331E8A113000C8A342 /* Orders.storyboard */ = {
			isa = PBXVariantGroup;
			children = (
				2C01A1341E8A113000C8A342 /* Base */,
			);
			name = Orders.storyboard;
			sourceTree = "<group>";
		};
		2C4ABF201E3043F000FA73A2 /* Main.storyboard */ = {
			isa = PBXVariantGroup;
			children = (
				2C4ABF211E3043F000FA73A2 /* Base */,
			);
			name = Main.storyboard;
			sourceTree = "<group>";
		};
		2C9D0A531E6FA8170095A1FB /* Home.storyboard */ = {
			isa = PBXVariantGroup;
			children = (
				2C9D0A541E6FA8170095A1FB /* Base */,
			);
			name = Home.storyboard;
			sourceTree = "<group>";
		};
		2CDC58A61E916BCE003C28EC /* Search.storyboard */ = {
			isa = PBXVariantGroup;
			children = (
				2CDC58A71E916BCE003C28EC /* Base */,
			);
			name = Search.storyboard;
			sourceTree = "<group>";
		};
/* End PBXVariantGroup section */

/* Begin XCBuildConfiguration section */
		2C4ABF311E3043F000FA73A2 /* Debug */ = {
			isa = XCBuildConfiguration;
			buildSettings = {
				ALWAYS_SEARCH_USER_PATHS = NO;
				CLANG_ANALYZER_NONNULL = YES;
				CLANG_CXX_LANGUAGE_STANDARD = "gnu++0x";
				CLANG_CXX_LIBRARY = "libc++";
				CLANG_ENABLE_MODULES = YES;
				CLANG_ENABLE_OBJC_ARC = YES;
				CLANG_WARN_BOOL_CONVERSION = YES;
				CLANG_WARN_CONSTANT_CONVERSION = YES;
				CLANG_WARN_DIRECT_OBJC_ISA_USAGE = YES_ERROR;
				CLANG_WARN_DOCUMENTATION_COMMENTS = YES;
				CLANG_WARN_EMPTY_BODY = YES;
				CLANG_WARN_ENUM_CONVERSION = YES;
				CLANG_WARN_INFINITE_RECURSION = YES;
				CLANG_WARN_INT_CONVERSION = YES;
				CLANG_WARN_OBJC_ROOT_CLASS = YES_ERROR;
				CLANG_WARN_SUSPICIOUS_MOVE = YES;
				CLANG_WARN_UNREACHABLE_CODE = YES;
				CLANG_WARN__DUPLICATE_METHOD_MATCH = YES;
				COPY_PHASE_STRIP = NO;
				DEBUG_INFORMATION_FORMAT = dwarf;
				ENABLE_STRICT_OBJC_MSGSEND = YES;
				ENABLE_TESTABILITY = YES;
				GCC_C_LANGUAGE_STANDARD = gnu99;
				GCC_DYNAMIC_NO_PIC = NO;
				GCC_NO_COMMON_BLOCKS = YES;
				GCC_OPTIMIZATION_LEVEL = 0;
				GCC_PREPROCESSOR_DEFINITIONS = (
					"DEBUG=1",
					"$(inherited)",
				);
				GCC_WARN_64_TO_32_BIT_CONVERSION = YES;
				GCC_WARN_ABOUT_RETURN_TYPE = YES_ERROR;
				GCC_WARN_UNDECLARED_SELECTOR = YES;
				GCC_WARN_UNINITIALIZED_AUTOS = YES_AGGRESSIVE;
				GCC_WARN_UNUSED_FUNCTION = YES;
				GCC_WARN_UNUSED_VARIABLE = YES;
				MTL_ENABLE_DEBUG_INFO = YES;
				ONLY_ACTIVE_ARCH = YES;
				SDKROOT = appletvos;
				SWIFT_ACTIVE_COMPILATION_CONDITIONS = DEBUG;
				SWIFT_OPTIMIZATION_LEVEL = "-Onone";
				TARGETED_DEVICE_FAMILY = 3;
				TVOS_DEPLOYMENT_TARGET = 10.1;
			};
			name = Debug;
		};
		2C4ABF321E3043F000FA73A2 /* Release */ = {
			isa = XCBuildConfiguration;
			buildSettings = {
				ALWAYS_SEARCH_USER_PATHS = NO;
				CLANG_ANALYZER_NONNULL = YES;
				CLANG_CXX_LANGUAGE_STANDARD = "gnu++0x";
				CLANG_CXX_LIBRARY = "libc++";
				CLANG_ENABLE_MODULES = YES;
				CLANG_ENABLE_OBJC_ARC = YES;
				CLANG_WARN_BOOL_CONVERSION = YES;
				CLANG_WARN_CONSTANT_CONVERSION = YES;
				CLANG_WARN_DIRECT_OBJC_ISA_USAGE = YES_ERROR;
				CLANG_WARN_DOCUMENTATION_COMMENTS = YES;
				CLANG_WARN_EMPTY_BODY = YES;
				CLANG_WARN_ENUM_CONVERSION = YES;
				CLANG_WARN_INFINITE_RECURSION = YES;
				CLANG_WARN_INT_CONVERSION = YES;
				CLANG_WARN_OBJC_ROOT_CLASS = YES_ERROR;
				CLANG_WARN_SUSPICIOUS_MOVE = YES;
				CLANG_WARN_UNREACHABLE_CODE = YES;
				CLANG_WARN__DUPLICATE_METHOD_MATCH = YES;
				COPY_PHASE_STRIP = NO;
				DEBUG_INFORMATION_FORMAT = "dwarf-with-dsym";
				ENABLE_NS_ASSERTIONS = NO;
				ENABLE_STRICT_OBJC_MSGSEND = YES;
				GCC_C_LANGUAGE_STANDARD = gnu99;
				GCC_NO_COMMON_BLOCKS = YES;
				GCC_WARN_64_TO_32_BIT_CONVERSION = YES;
				GCC_WARN_ABOUT_RETURN_TYPE = YES_ERROR;
				GCC_WARN_UNDECLARED_SELECTOR = YES;
				GCC_WARN_UNINITIALIZED_AUTOS = YES_AGGRESSIVE;
				GCC_WARN_UNUSED_FUNCTION = YES;
				GCC_WARN_UNUSED_VARIABLE = YES;
				MTL_ENABLE_DEBUG_INFO = NO;
				SDKROOT = appletvos;
				SWIFT_OPTIMIZATION_LEVEL = "-Owholemodule";
				TARGETED_DEVICE_FAMILY = 3;
				TVOS_DEPLOYMENT_TARGET = 10.1;
				VALIDATE_PRODUCT = YES;
			};
			name = Release;
		};
		2C4ABF341E3043F000FA73A2 /* Debug */ = {
			isa = XCBuildConfiguration;
			baseConfigurationReference = E9C12A4E6C3D8976638DEA6B /* Pods-TVMed.debug.xcconfig */;
			buildSettings = {
				ASSETCATALOG_COMPILER_APPICON_NAME = "App Icon & Top Shelf Image";
				ASSETCATALOG_COMPILER_LAUNCHIMAGE_NAME = LaunchImage;
				CODE_SIGN_ENTITLEMENTS = TVMed/TVMed.entitlements;
				DEVELOPMENT_TEAM = 4G9D79YJ76;
				INFOPLIST_FILE = TVMed/Info.plist;
				LD_RUNPATH_SEARCH_PATHS = "$(inherited) @executable_path/Frameworks";
				PRODUCT_BUNDLE_IDENTIFIER = com.br.TV.TVMed;
				PRODUCT_NAME = "$(TARGET_NAME)";
				PROVISIONING_PROFILE = "9b658213-e4f7-47d9-85dc-f9b655dc3f41";
				PROVISIONING_PROFILE_SPECIFIER = "TVmed Development";
				SWIFT_VERSION = 3.0;
			};
			name = Debug;
		};
		2C4ABF351E3043F000FA73A2 /* Release */ = {
			isa = XCBuildConfiguration;
			baseConfigurationReference = 44929E1F0033078723D1C241 /* Pods-TVMed.release.xcconfig */;
			buildSettings = {
				ASSETCATALOG_COMPILER_APPICON_NAME = "App Icon & Top Shelf Image";
				ASSETCATALOG_COMPILER_LAUNCHIMAGE_NAME = LaunchImage;
				CODE_SIGN_ENTITLEMENTS = TVMed/TVMed.entitlements;
				"CODE_SIGN_IDENTITY[sdk=appletvos*]" = "iPhone Distribution";
				DEVELOPMENT_TEAM = 4G9D79YJ76;
				INFOPLIST_FILE = TVMed/Info.plist;
				LD_RUNPATH_SEARCH_PATHS = "$(inherited) @executable_path/Frameworks";
				PRODUCT_BUNDLE_IDENTIFIER = com.br.TV.TVMed;
				PRODUCT_NAME = "$(TARGET_NAME)";
				PROVISIONING_PROFILE = "d4c4a16e-9bcd-487c-8da8-6cfdd68deec3";
				PROVISIONING_PROFILE_SPECIFIER = "TVMedTV Distribuition";
				SWIFT_VERSION = 3.0;
			};
			name = Release;
		};
		2C4ABF371E3043F000FA73A2 /* Debug */ = {
			isa = XCBuildConfiguration;
			baseConfigurationReference = 0968D6E8E29EED2CB47A1D76 /* Pods-TVMedTests.debug.xcconfig */;
			buildSettings = {
				ALWAYS_EMBED_SWIFT_STANDARD_LIBRARIES = YES;
				BUNDLE_LOADER = "$(TEST_HOST)";
				DEVELOPMENT_TEAM = 4G9D79YJ76;
				INFOPLIST_FILE = TVMedTests/Info.plist;
				LD_RUNPATH_SEARCH_PATHS = "$(inherited) @executable_path/Frameworks @loader_path/Frameworks";
				PRODUCT_BUNDLE_IDENTIFIER = com.br.TV.TVMedTests;
				PRODUCT_NAME = "$(TARGET_NAME)";
				SWIFT_VERSION = 3.0;
				TEST_HOST = "$(BUILT_PRODUCTS_DIR)/TVMed.app/TVMed";
			};
			name = Debug;
		};
		2C4ABF381E3043F000FA73A2 /* Release */ = {
			isa = XCBuildConfiguration;
			baseConfigurationReference = 3F19C9CD962AF5EF92772D1C /* Pods-TVMedTests.release.xcconfig */;
			buildSettings = {
				ALWAYS_EMBED_SWIFT_STANDARD_LIBRARIES = YES;
				BUNDLE_LOADER = "$(TEST_HOST)";
				DEVELOPMENT_TEAM = 4G9D79YJ76;
				INFOPLIST_FILE = TVMedTests/Info.plist;
				LD_RUNPATH_SEARCH_PATHS = "$(inherited) @executable_path/Frameworks @loader_path/Frameworks";
				PRODUCT_BUNDLE_IDENTIFIER = com.br.TV.TVMedTests;
				PRODUCT_NAME = "$(TARGET_NAME)";
				SWIFT_VERSION = 3.0;
				TEST_HOST = "$(BUILT_PRODUCTS_DIR)/TVMed.app/TVMed";
			};
			name = Release;
		};
		2C9D0A5B1E7794120095A1FB /* AD-HOC */ = {
			isa = XCBuildConfiguration;
			buildSettings = {
				ALWAYS_SEARCH_USER_PATHS = NO;
				CLANG_ANALYZER_NONNULL = YES;
				CLANG_CXX_LANGUAGE_STANDARD = "gnu++0x";
				CLANG_CXX_LIBRARY = "libc++";
				CLANG_ENABLE_MODULES = YES;
				CLANG_ENABLE_OBJC_ARC = YES;
				CLANG_WARN_BOOL_CONVERSION = YES;
				CLANG_WARN_CONSTANT_CONVERSION = YES;
				CLANG_WARN_DIRECT_OBJC_ISA_USAGE = YES_ERROR;
				CLANG_WARN_DOCUMENTATION_COMMENTS = YES;
				CLANG_WARN_EMPTY_BODY = YES;
				CLANG_WARN_ENUM_CONVERSION = YES;
				CLANG_WARN_INFINITE_RECURSION = YES;
				CLANG_WARN_INT_CONVERSION = YES;
				CLANG_WARN_OBJC_ROOT_CLASS = YES_ERROR;
				CLANG_WARN_SUSPICIOUS_MOVE = YES;
				CLANG_WARN_UNREACHABLE_CODE = YES;
				CLANG_WARN__DUPLICATE_METHOD_MATCH = YES;
				COPY_PHASE_STRIP = NO;
				DEBUG_INFORMATION_FORMAT = "dwarf-with-dsym";
				ENABLE_NS_ASSERTIONS = NO;
				ENABLE_STRICT_OBJC_MSGSEND = YES;
				GCC_C_LANGUAGE_STANDARD = gnu99;
				GCC_NO_COMMON_BLOCKS = YES;
				GCC_WARN_64_TO_32_BIT_CONVERSION = YES;
				GCC_WARN_ABOUT_RETURN_TYPE = YES_ERROR;
				GCC_WARN_UNDECLARED_SELECTOR = YES;
				GCC_WARN_UNINITIALIZED_AUTOS = YES_AGGRESSIVE;
				GCC_WARN_UNUSED_FUNCTION = YES;
				GCC_WARN_UNUSED_VARIABLE = YES;
				MTL_ENABLE_DEBUG_INFO = NO;
				SDKROOT = appletvos;
				SWIFT_OPTIMIZATION_LEVEL = "-Owholemodule";
				TARGETED_DEVICE_FAMILY = 3;
				TVOS_DEPLOYMENT_TARGET = 10.1;
				VALIDATE_PRODUCT = YES;
			};
			name = "AD-HOC";
		};
		2C9D0A5C1E7794120095A1FB /* AD-HOC */ = {
			isa = XCBuildConfiguration;
			baseConfigurationReference = E44AEDD0C9C624D4E68DBB46 /* Pods-TVMed.ad-hoc.xcconfig */;
			buildSettings = {
				ASSETCATALOG_COMPILER_APPICON_NAME = "App Icon & Top Shelf Image";
				ASSETCATALOG_COMPILER_LAUNCHIMAGE_NAME = LaunchImage;
				CODE_SIGN_ENTITLEMENTS = TVMed/TVMed.entitlements;
				"CODE_SIGN_IDENTITY[sdk=appletvos*]" = "iPhone Distribution";
				DEVELOPMENT_TEAM = 4G9D79YJ76;
				INFOPLIST_FILE = TVMed/Info.plist;
				LD_RUNPATH_SEARCH_PATHS = "$(inherited) @executable_path/Frameworks";
				PRODUCT_BUNDLE_IDENTIFIER = com.br.TV.TVMed;
				PRODUCT_NAME = "$(TARGET_NAME)";
				PROVISIONING_PROFILE = "d4c4a16e-9bcd-487c-8da8-6cfdd68deec3";
				PROVISIONING_PROFILE_SPECIFIER = "TVMedTV Distribuition";
				SWIFT_VERSION = 3.0;
			};
			name = "AD-HOC";
		};
		2C9D0A5D1E7794120095A1FB /* AD-HOC */ = {
			isa = XCBuildConfiguration;
			baseConfigurationReference = 851C3FF524756B318F702414 /* Pods-TVMedTests.ad-hoc.xcconfig */;
			buildSettings = {
				ALWAYS_EMBED_SWIFT_STANDARD_LIBRARIES = YES;
				BUNDLE_LOADER = "$(TEST_HOST)";
				DEVELOPMENT_TEAM = 4G9D79YJ76;
				INFOPLIST_FILE = TVMedTests/Info.plist;
				LD_RUNPATH_SEARCH_PATHS = "$(inherited) @executable_path/Frameworks @loader_path/Frameworks";
				PRODUCT_BUNDLE_IDENTIFIER = com.br.TV.TVMedTests;
				PRODUCT_NAME = "$(TARGET_NAME)";
				SWIFT_VERSION = 3.0;
				TEST_HOST = "$(BUILT_PRODUCTS_DIR)/TVMed.app/TVMed";
			};
			name = "AD-HOC";
		};
/* End XCBuildConfiguration section */

/* Begin XCConfigurationList section */
		2C4ABF121E3043F000FA73A2 /* Build configuration list for PBXProject "TVMed" */ = {
			isa = XCConfigurationList;
			buildConfigurations = (
				2C4ABF311E3043F000FA73A2 /* Debug */,
				2C4ABF321E3043F000FA73A2 /* Release */,
				2C9D0A5B1E7794120095A1FB /* AD-HOC */,
			);
			defaultConfigurationIsVisible = 0;
			defaultConfigurationName = Release;
		};
		2C4ABF331E3043F000FA73A2 /* Build configuration list for PBXNativeTarget "TVMed" */ = {
			isa = XCConfigurationList;
			buildConfigurations = (
				2C4ABF341E3043F000FA73A2 /* Debug */,
				2C4ABF351E3043F000FA73A2 /* Release */,
				2C9D0A5C1E7794120095A1FB /* AD-HOC */,
			);
			defaultConfigurationIsVisible = 0;
			defaultConfigurationName = Release;
		};
		2C4ABF361E3043F000FA73A2 /* Build configuration list for PBXNativeTarget "TVMedTests" */ = {
			isa = XCConfigurationList;
			buildConfigurations = (
				2C4ABF371E3043F000FA73A2 /* Debug */,
				2C4ABF381E3043F000FA73A2 /* Release */,
				2C9D0A5D1E7794120095A1FB /* AD-HOC */,
			);
			defaultConfigurationIsVisible = 0;
			defaultConfigurationName = Release;
		};
/* End XCConfigurationList section */
	};
	rootObject = 2C4ABF0F1E3043F000FA73A2 /* Project object */;
}
